
Microsoft Visual Studio Solution File, Format Version 12.00
# Visual Studio 2012
Project("{FAE04EC0-301F-11D3-BF4B-00C04F79EFBC}") = "Org.Libsdl.App", "Org.Libsdl.App\Org.Libsdl.App.csproj", "{A6B372BD-C82A-4C54-9783-016DF0767225}"
EndProject
Global
	GlobalSection(SolutionConfigurationPlatforms) = preSolution
		Debug|Any CPU = Debug|Any CPU
		Release|Any CPU = Release|Any CPU
	EndGlobalSection
	GlobalSection(ProjectConfigurationPlatforms) = postSolution
		{A6B372BD-C82A-4C54-9783-016DF0767225}.Debug|Any CPU.ActiveCfg = Debug|Any CPU
		{A6B372BD-C82A-4C54-9783-016DF0767225}.Debug|Any CPU.Build.0 = Debug|Any CPU
		{A6B372BD-C82A-4C54-9783-016DF0767225}.Release|Any CPU.ActiveCfg = Release|Any CPU
		{A6B372BD-C82A-4C54-9783-016DF0767225}.Release|Any CPU.Build.0 = Release|Any CPU
	EndGlobalSection
EndGlobal
