
Microsoft Visual Studio Solution File, Format Version 12.00
# Visual Studio 2013
VisualStudioVersion = 12.0.30723.0
MinimumVisualStudioVersion = 10.0.40219.1
Project("{FAE04EC0-301F-11D3-BF4B-00C04F79EFBC}") = "TwistedLogik.Ultraviolet", "TwistedLogik.Ultraviolet\TwistedLogik.Ultraviolet.csproj", "{F071ABE3-05E5-4DF9-A929-CF71B01EC50A}"
EndProject
Project("{FAE04EC0-301F-11D3-BF4B-00C04F79EFBC}") = "TwistedLogik.Nucleus", "TwistedLogik.Nucleus\TwistedLogik.Nucleus.csproj", "{7DA6158B-A0B9-4100-904E-22FD86949608}"
EndProject
Project("{FAE04EC0-301F-11D3-BF4B-00C04F79EFBC}") = "TwistedLogik.Gluon", "TwistedLogik.Gluon\TwistedLogik.Gluon.csproj", "{0E4BAFBF-5211-4E2F-AF39-092EC6671581}"
EndProject
Project("{FAE04EC0-301F-11D3-BF4B-00C04F79EFBC}") = "TwistedLogik.Ultraviolet.OpenGL", "TwistedLogik.Ultraviolet.OpenGL\TwistedLogik.Ultraviolet.OpenGL.csproj", "{40D272DB-90E1-4332-A32F-6EFFEB44FE87}"
EndProject
Project("{FAE04EC0-301F-11D3-BF4B-00C04F79EFBC}") = "TwistedLogik.Ultraviolet.SDL2", "TwistedLogik.Ultraviolet.SDL2\TwistedLogik.Ultraviolet.SDL2.csproj", "{50AEFA93-FE53-414A-89FC-C061C165C673}"
EndProject
Project("{FAE04EC0-301F-11D3-BF4B-00C04F79EFBC}") = "UltravioletGame", "UltravioletGame\UltravioletGame.csproj", "{F6C64886-59BF-4DFD-AF10-53C1700EE20D}"
EndProject
Project("{FAE04EC0-301F-11D3-BF4B-00C04F79EFBC}") = "TwistedLogik.Ultraviolet.BASS", "TwistedLogik.Ultraviolet.BASS\TwistedLogik.Ultraviolet.BASS.csproj", "{EA948CF3-AD34-480A-B8CE-E7EC5CAA4D77}"
EndProject
Project("{FAE04EC0-301F-11D3-BF4B-00C04F79EFBC}") = "UvFont", "UvFont\UvFont.csproj", "{F224C80E-2D2F-403D-AB1A-29FE13AF726B}"
EndProject
Project("{FAE04EC0-301F-11D3-BF4B-00C04F79EFBC}") = "UvArchive", "UvArchive\UvArchive.csproj", "{40ED4BE1-0B7C-40D5-B702-C08500CDB2A7}"
EndProject
Project("{FAE04EC0-301F-11D3-BF4B-00C04F79EFBC}") = "TwistedLogik.Ultraviolet.Desktop", "TwistedLogik.Ultraviolet.Desktop\TwistedLogik.Ultraviolet.Desktop.csproj", "{073CAFC1-86CB-414D-A71E-46440E25A3F4}"
EndProject
Project("{FAE04EC0-301F-11D3-BF4B-00C04F79EFBC}") = "TwistedLogik.Ultraviolet.Tooling", "TwistedLogik.Ultraviolet.Tooling\TwistedLogik.Ultraviolet.Tooling.csproj", "{6AAB1EDC-67E5-4F64-9633-50CECB8D9254}"
EndProject
Global
	GlobalSection(SolutionConfigurationPlatforms) = preSolution
		Debug|Any CPU = Debug|Any CPU
		Release|Any CPU = Release|Any CPU
	EndGlobalSection
	GlobalSection(ProjectConfigurationPlatforms) = postSolution
		{F071ABE3-05E5-4DF9-A929-CF71B01EC50A}.Debug|Any CPU.ActiveCfg = Debug|Any CPU
		{F071ABE3-05E5-4DF9-A929-CF71B01EC50A}.Debug|Any CPU.Build.0 = Debug|Any CPU
		{F071ABE3-05E5-4DF9-A929-CF71B01EC50A}.Release|Any CPU.ActiveCfg = Release|Any CPU
		{F071ABE3-05E5-4DF9-A929-CF71B01EC50A}.Release|Any CPU.Build.0 = Release|Any CPU
		{7DA6158B-A0B9-4100-904E-22FD86949608}.Debug|Any CPU.ActiveCfg = Debug|Any CPU
		{7DA6158B-A0B9-4100-904E-22FD86949608}.Debug|Any CPU.Build.0 = Debug|Any CPU
		{7DA6158B-A0B9-4100-904E-22FD86949608}.Release|Any CPU.ActiveCfg = Release|Any CPU
		{7DA6158B-A0B9-4100-904E-22FD86949608}.Release|Any CPU.Build.0 = Release|Any CPU
		{0E4BAFBF-5211-4E2F-AF39-092EC6671581}.Debug|Any CPU.ActiveCfg = Debug|Any CPU
		{0E4BAFBF-5211-4E2F-AF39-092EC6671581}.Debug|Any CPU.Build.0 = Debug|Any CPU
		{0E4BAFBF-5211-4E2F-AF39-092EC6671581}.Release|Any CPU.ActiveCfg = Release|Any CPU
		{0E4BAFBF-5211-4E2F-AF39-092EC6671581}.Release|Any CPU.Build.0 = Release|Any CPU
		{40D272DB-90E1-4332-A32F-6EFFEB44FE87}.Debug|Any CPU.ActiveCfg = Debug|Any CPU
		{40D272DB-90E1-4332-A32F-6EFFEB44FE87}.Debug|Any CPU.Build.0 = Debug|Any CPU
		{40D272DB-90E1-4332-A32F-6EFFEB44FE87}.Release|Any CPU.ActiveCfg = Release|Any CPU
		{40D272DB-90E1-4332-A32F-6EFFEB44FE87}.Release|Any CPU.Build.0 = Release|Any CPU
		{50AEFA93-FE53-414A-89FC-C061C165C673}.Debug|Any CPU.ActiveCfg = Debug|Any CPU
		{50AEFA93-FE53-414A-89FC-C061C165C673}.Debug|Any CPU.Build.0 = Debug|Any CPU
		{50AEFA93-FE53-414A-89FC-C061C165C673}.Release|Any CPU.ActiveCfg = Release|Any CPU
		{50AEFA93-FE53-414A-89FC-C061C165C673}.Release|Any CPU.Build.0 = Release|Any CPU
		{F6C64886-59BF-4DFD-AF10-53C1700EE20D}.Debug|Any CPU.ActiveCfg = Debug|Any CPU
		{F6C64886-59BF-4DFD-AF10-53C1700EE20D}.Debug|Any CPU.Build.0 = Debug|Any CPU
		{F6C64886-59BF-4DFD-AF10-53C1700EE20D}.Release|Any CPU.ActiveCfg = Release|Any CPU
		{F6C64886-59BF-4DFD-AF10-53C1700EE20D}.Release|Any CPU.Build.0 = Release|Any CPU
		{EA948CF3-AD34-480A-B8CE-E7EC5CAA4D77}.Debug|Any CPU.ActiveCfg = Debug|Any CPU
		{EA948CF3-AD34-480A-B8CE-E7EC5CAA4D77}.Debug|Any CPU.Build.0 = Debug|Any CPU
		{EA948CF3-AD34-480A-B8CE-E7EC5CAA4D77}.Release|Any CPU.ActiveCfg = Release|Any CPU
		{EA948CF3-AD34-480A-B8CE-E7EC5CAA4D77}.Release|Any CPU.Build.0 = Release|Any CPU
		{F224C80E-2D2F-403D-AB1A-29FE13AF726B}.Debug|Any CPU.ActiveCfg = Debug|Any CPU
		{F224C80E-2D2F-403D-AB1A-29FE13AF726B}.Debug|Any CPU.Build.0 = Debug|Any CPU
		{F224C80E-2D2F-403D-AB1A-29FE13AF726B}.Release|Any CPU.ActiveCfg = Release|Any CPU
		{F224C80E-2D2F-403D-AB1A-29FE13AF726B}.Release|Any CPU.Build.0 = Release|Any CPU
		{40ED4BE1-0B7C-40D5-B702-C08500CDB2A7}.Debug|Any CPU.ActiveCfg = Debug|Any CPU
		{40ED4BE1-0B7C-40D5-B702-C08500CDB2A7}.Debug|Any CPU.Build.0 = Debug|Any CPU
		{40ED4BE1-0B7C-40D5-B702-C08500CDB2A7}.Release|Any CPU.ActiveCfg = Release|Any CPU
		{40ED4BE1-0B7C-40D5-B702-C08500CDB2A7}.Release|Any CPU.Build.0 = Release|Any CPU
		{073CAFC1-86CB-414D-A71E-46440E25A3F4}.Debug|Any CPU.ActiveCfg = Debug|Any CPU
		{073CAFC1-86CB-414D-A71E-46440E25A3F4}.Debug|Any CPU.Build.0 = Debug|Any CPU
		{073CAFC1-86CB-414D-A71E-46440E25A3F4}.Release|Any CPU.ActiveCfg = Release|Any CPU
		{073CAFC1-86CB-414D-A71E-46440E25A3F4}.Release|Any CPU.Build.0 = Release|Any CPU
		{6AAB1EDC-67E5-4F64-9633-50CECB8D9254}.Debug|Any CPU.ActiveCfg = Debug|Any CPU
		{6AAB1EDC-67E5-4F64-9633-50CECB8D9254}.Debug|Any CPU.Build.0 = Debug|Any CPU
		{6AAB1EDC-67E5-4F64-9633-50CECB8D9254}.Release|Any CPU.ActiveCfg = Release|Any CPU
		{6AAB1EDC-67E5-4F64-9633-50CECB8D9254}.Release|Any CPU.Build.0 = Release|Any CPU
	EndGlobalSection
	GlobalSection(SolutionProperties) = preSolution
		HideSolutionNode = FALSE
	EndGlobalSection
	GlobalSection(MonoDevelopProperties) = preSolution
		StartupItem = UltravioletGame\UltravioletGame.csproj
		Policies = $0
		$0.TextStylePolicy = $1
		$1.FileWidth = 120
		$1.TabsToSpaces = False
		$1.EolMarker = Windows
		$1.inheritsSet = VisualStudio
		$1.inheritsScope = text/plain
		$1.scope = text/x-csharp
		$0.CSharpFormattingPolicy = $2
		$2.AnonymousMethodBraceStyle = NextLine
		$2.PropertyBraceStyle = NextLine
		$2.PropertyGetBraceStyle = NextLine
		$2.PropertySetBraceStyle = NextLine
		$2.EventBraceStyle = NextLine
		$2.EventAddBraceStyle = NextLine
		$2.EventRemoveBraceStyle = NextLine
		$2.StatementBraceStyle = NextLine
		$2.ElseIfNewLinePlacement = SameLine
		$2.BeforeMethodDeclarationParentheses = False
		$2.BeforeMethodCallParentheses = False
		$2.BeforeConstructorDeclarationParentheses = False
		$2.BeforeIndexerDeclarationBracket = False
		$2.BeforeDelegateDeclarationParentheses = False
		$2.AfterDelegateDeclarationParameterComma = True
		$2.NewParentheses = False
		$2.SpacesBeforeBrackets = False
		$2.inheritsSet = Mono
		$2.inheritsScope = text/x-csharp
		$2.scope = text/x-csharp
	EndGlobalSection
EndGlobal
