
Microsoft Visual Studio Solution File, Format Version 12.00
# Visual Studio 2013
VisualStudioVersion = 12.0.30501.0
MinimumVisualStudioVersion = 10.0.40219.1
Project("{930C7802-8A8C-48F9-8165-68863BCCD9DD}") = "Ultraviolet Framework Setup", "Ultraviolet Framework Setup\Ultraviolet Framework Setup.wixproj", "{83AFEAA0-D16B-48EF-9657-402D51224A2A}"
EndProject
Global
	GlobalSection(SolutionConfigurationPlatforms) = preSolution
		Debug|Any CPU = Debug|Any CPU
		Release|Any CPU = Release|Any CPU
	EndGlobalSection
	GlobalSection(ProjectConfigurationPlatforms) = postSolution
		{83AFEAA0-D16B-48EF-9657-402D51224A2A}.Debug|Any CPU.ActiveCfg = Debug|x86
		{83AFEAA0-D16B-48EF-9657-402D51224A2A}.Debug|Any CPU.Build.0 = Debug|x86
		{83AFEAA0-D16B-48EF-9657-402D51224A2A}.Release|Any CPU.ActiveCfg = Release|x86
		{83AFEAA0-D16B-48EF-9657-402D51224A2A}.Release|Any CPU.Build.0 = Release|x86
	EndGlobalSection
	GlobalSection(SolutionProperties) = preSolution
		HideSolutionNode = FALSE
	EndGlobalSection
EndGlobal
