
Microsoft Visual Studio Solution File, Format Version 12.00
# Visual Studio 14
VisualStudioVersion = 14.0.24720.0
MinimumVisualStudioVersion = 10.0.40219.1
Project("{2150E333-8FDC-42A3-9474-1A3956D46DE8}") = "Dependencies", "Dependencies", "{5A2E7DCA-0406-4807-8BC7-96D51857C9CB}"
EndProject
Project("{2150E333-8FDC-42A3-9474-1A3956D46DE8}") = "x64", "x64", "{5FDDC7C1-5260-4304-A2A1-F050ACFF37C7}"
EndProject
Project("{2150E333-8FDC-42A3-9474-1A3956D46DE8}") = "win32nt", "win32nt", "{2D2DC1A3-F80B-4CF0-869C-4E1DE71E5F87}"
	ProjectSection(SolutionItems) = preProject
		Dependencies\x64\win32nt\bass.dll = Dependencies\x64\win32nt\bass.dll
		Dependencies\x64\win32nt\bass_fx.dll = Dependencies\x64\win32nt\bass_fx.dll
		Dependencies\x64\win32nt\SDL2.dll = Dependencies\x64\win32nt\SDL2.dll
	EndProjectSection
EndProject
Project("{2150E333-8FDC-42A3-9474-1A3956D46DE8}") = "unix", "unix", "{9B08B9AD-53F8-4EF5-9393-A1D47D2EB9EC}"
	ProjectSection(SolutionItems) = preProject
		Dependencies\x64\unix\libbass.so = Dependencies\x64\unix\libbass.so
		Dependencies\x64\unix\libbass_fx.so = Dependencies\x64\unix\libbass_fx.so
		Dependencies\x64\unix\libSDL2.so = Dependencies\x64\unix\libSDL2.so
	EndProjectSection
EndProject
Project("{2150E333-8FDC-42A3-9474-1A3956D46DE8}") = "osx", "osx", "{0DE26177-C231-4546-A551-52196B3B9FAA}"
	ProjectSection(SolutionItems) = preProject
		Dependencies\x64\osx\libbass.dylib = Dependencies\x64\osx\libbass.dylib
		Dependencies\x64\osx\libbass_fx.dylib = Dependencies\x64\osx\libbass_fx.dylib
		Dependencies\x64\osx\libSDL2.dylib = Dependencies\x64\osx\libSDL2.dylib
	EndProjectSection
EndProject
Project("{2150E333-8FDC-42A3-9474-1A3956D46DE8}") = "x86", "x86", "{9EA40D30-2860-4671-9E5D-D427FD296B5B}"
EndProject
Project("{2150E333-8FDC-42A3-9474-1A3956D46DE8}") = "win32nt", "win32nt", "{DCA4BB4D-F291-4B9B-9732-1AF99A356949}"
	ProjectSection(SolutionItems) = preProject
		Dependencies\x86\win32nt\bass.dll = Dependencies\x86\win32nt\bass.dll
		Dependencies\x86\win32nt\bass_fx.dll = Dependencies\x86\win32nt\bass_fx.dll
		Dependencies\x86\win32nt\SDL2.dll = Dependencies\x86\win32nt\SDL2.dll
	EndProjectSection
EndProject
Project("{2150E333-8FDC-42A3-9474-1A3956D46DE8}") = "unix", "unix", "{C86FC06A-1356-480A-AF48-189048E03DD6}"
	ProjectSection(SolutionItems) = preProject
		Dependencies\x86\unix\libbass.so = Dependencies\x86\unix\libbass.so
		Dependencies\x86\unix\libbass_fx.so = Dependencies\x86\unix\libbass_fx.so
		Dependencies\x86\unix\libSDL2.so = Dependencies\x86\unix\libSDL2.so
	EndProjectSection
EndProject
Project("{D954291E-2A0B-460D-934E-DC6B0785DB48}") = "UltravioletSample1", "UltravioletSample1\UltravioletSample1.shproj", "{FD1AC1B5-C403-4C80-8169-9DFA1277E81A}"
EndProject
Project("{FAE04EC0-301F-11D3-BF4B-00C04F79EFBC}") = "UltravioletSample1 (Desktop)", "UltravioletSample1 (Desktop)\UltravioletSample1 (Desktop).csproj", "{254C229D-BA03-4CED-A139-F4213F8AF6D9}"
EndProject
Project("{D954291E-2A0B-460D-934E-DC6B0785DB48}") = "UltravioletSample2", "UltravioletSample2\UltravioletSample2.shproj", "{D00E3FF5-72A2-4BD9-BEDA-BA189F7B0829}"
EndProject
Project("{FAE04EC0-301F-11D3-BF4B-00C04F79EFBC}") = "UltravioletSample2 (Desktop)", "UltravioletSample2 (Desktop)\UltravioletSample2 (Desktop).csproj", "{B13372AD-66EA-4829-A5DE-6032BB60AF7C}"
EndProject
Project("{D954291E-2A0B-460D-934E-DC6B0785DB48}") = "UltravioletSample3", "UltravioletSample3\UltravioletSample3.shproj", "{A4EC586B-92E6-4980-AA87-958BF9E45E8F}"
EndProject
Project("{FAE04EC0-301F-11D3-BF4B-00C04F79EFBC}") = "UltravioletSample3 (Desktop)", "UltravioletSample3 (Desktop)\UltravioletSample3 (Desktop).csproj", "{7CCFA0D4-F43D-4C66-8DE1-B23FA1AFE41E}"
EndProject
Project("{D954291E-2A0B-460D-934E-DC6B0785DB48}") = "UltravioletSample4", "UltravioletSample4\UltravioletSample4.shproj", "{BDA0A4E0-468A-4FA7-A070-EF25FB15CF08}"
EndProject
Project("{FAE04EC0-301F-11D3-BF4B-00C04F79EFBC}") = "UltravioletSample4 (Desktop)", "UltravioletSample4 (Desktop)\UltravioletSample4 (Desktop).csproj", "{2C6B942E-3D19-4211-AF85-82402FD31A73}"
EndProject
Project("{D954291E-2A0B-460D-934E-DC6B0785DB48}") = "UltravioletSample5", "UltravioletSample5\UltravioletSample5.shproj", "{0ECFAA60-2D08-4330-8533-A2262447DD1F}"
EndProject
Project("{FAE04EC0-301F-11D3-BF4B-00C04F79EFBC}") = "UltravioletSample5 (Desktop)", "UltravioletSample5 (Desktop)\UltravioletSample5 (Desktop).csproj", "{AB3ABBD1-B987-4346-91FC-69D0694008A9}"
EndProject
Project("{D954291E-2A0B-460D-934E-DC6B0785DB48}") = "UltravioletSample6", "UltravioletSample6\UltravioletSample6.shproj", "{92C3587D-B6D3-493C-98C0-C0983E622A80}"
EndProject
Project("{FAE04EC0-301F-11D3-BF4B-00C04F79EFBC}") = "UltravioletSample6 (Desktop)", "UltravioletSample6 (Desktop)\UltravioletSample6 (Desktop).csproj", "{B689C7BE-E5E6-49AF-A594-F7771A74C7D4}"
EndProject
Project("{D954291E-2A0B-460D-934E-DC6B0785DB48}") = "UltravioletSample7", "UltravioletSample7\UltravioletSample7.shproj", "{A42C4424-5A92-40B2-A2B3-9FCB43237E12}"
EndProject
Project("{FAE04EC0-301F-11D3-BF4B-00C04F79EFBC}") = "UltravioletSample7 (Desktop)", "UltravioletSample7 (Desktop)\UltravioletSample7 (Desktop).csproj", "{990B2616-F387-4D0B-90A3-765CE28F3595}"
EndProject
Project("{D954291E-2A0B-460D-934E-DC6B0785DB48}") = "UltravioletSample8", "UltravioletSample8\UltravioletSample8.shproj", "{658A523E-FDA7-4E1F-A3F2-932B401A50D9}"
EndProject
Project("{FAE04EC0-301F-11D3-BF4B-00C04F79EFBC}") = "UltravioletSample8 (Desktop)", "UltravioletSample8 (Desktop)\UltravioletSample8 (Desktop).csproj", "{BEED8045-00D0-45E7-BCA4-D13F1D93FDA8}"
EndProject
Project("{D954291E-2A0B-460D-934E-DC6B0785DB48}") = "UltravioletSample9", "UltravioletSample9\UltravioletSample9.shproj", "{0A93613C-B14A-41D8-BAB5-E01AA6D33D89}"
EndProject
Project("{FAE04EC0-301F-11D3-BF4B-00C04F79EFBC}") = "UltravioletSample9 (Desktop)", "UltravioletSample9 (Desktop)\UltravioletSample9 (Desktop).csproj", "{DBD61736-8EB2-4D5C-BBB2-110FC9A10C7D}"
EndProject
Project("{D954291E-2A0B-460D-934E-DC6B0785DB48}") = "UltravioletSample10", "UltravioletSample10\UltravioletSample10.shproj", "{9491B997-483C-4F11-8A96-13B122E5419A}"
EndProject
Project("{FAE04EC0-301F-11D3-BF4B-00C04F79EFBC}") = "UltravioletSample10 (Desktop)", "UltravioletSample10 (Desktop)\UltravioletSample10 (Desktop).csproj", "{573824F0-2ACC-46F4-95EE-79B78B0E36D6}"
EndProject
Project("{D954291E-2A0B-460D-934E-DC6B0785DB48}") = "UltravioletSample11", "UltravioletSample11\UltravioletSample11.shproj", "{10F3B9D4-DF14-457A-8012-4697522A181A}"
EndProject
Project("{FAE04EC0-301F-11D3-BF4B-00C04F79EFBC}") = "UltravioletSample11 (Desktop)", "UltravioletSample11 (Desktop)\UltravioletSample11 (Desktop).csproj", "{844F907A-E757-4D55-8B66-13A2CA51467D}"
EndProject
Project("{D954291E-2A0B-460D-934E-DC6B0785DB48}") = "UltravioletSample12", "UltravioletSample12\UltravioletSample12.shproj", "{6BE6DA33-0089-41C0-A4E1-B51F145A22EF}"
EndProject
Project("{FAE04EC0-301F-11D3-BF4B-00C04F79EFBC}") = "UltravioletSample12 (Desktop)", "UltravioletSample12 (Desktop)\UltravioletSample12 (Desktop).csproj", "{3DFDEF78-D6C3-4BE4-9F99-A62294C72A1F}"
EndProject
Project("{D954291E-2A0B-460D-934E-DC6B0785DB48}") = "UltravioletSample13", "UltravioletSample13\UltravioletSample13.shproj", "{9D1BFE26-E1AA-4270-BFCB-6511768414D3}"
EndProject
Project("{FAE04EC0-301F-11D3-BF4B-00C04F79EFBC}") = "UltravioletSample13 (Desktop)", "UltravioletSample13 (Desktop)\UltravioletSample13 (Desktop).csproj", "{E7A444CB-F7AB-46D9-8406-E21E5DB850F9}"
EndProject
Global
	GlobalSection(SharedMSBuildProjectFiles) = preSolution
		UltravioletSample5\UltravioletSample5.projitems*{0ecfaa60-2d08-4330-8533-a2262447dd1f}*SharedItemsImports = 13
		UltravioletSample11\UltravioletSample11.projitems*{10f3b9d4-df14-457a-8012-4697522a181a}*SharedItemsImports = 13
		UltravioletSample4\UltravioletSample4.projitems*{2c6b942e-3d19-4211-af85-82402fd31a73}*SharedItemsImports = 4
		UltravioletSample3\UltravioletSample3.projitems*{a4ec586b-92e6-4980-aa87-958bf9e45e8f}*SharedItemsImports = 13
		UltravioletSample1\UltravioletSample1.projitems*{fd1ac1b5-c403-4c80-8169-9dfa1277e81a}*SharedItemsImports = 13
		UltravioletSample6\UltravioletSample6.projitems*{b689c7be-e5e6-49af-a594-f7771a74c7d4}*SharedItemsImports = 4
		UltravioletSample2\UltravioletSample2.projitems*{b13372ad-66ea-4829-a5de-6032bb60af7c}*SharedItemsImports = 4
		UltravioletSample10\UltravioletSample10.projitems*{9491b997-483c-4f11-8a96-13b122e5419a}*SharedItemsImports = 13
		UltravioletSample12\UltravioletSample12.projitems*{6be6da33-0089-41c0-a4e1-b51f145a22ef}*SharedItemsImports = 13
		UltravioletSample6\UltravioletSample6.projitems*{92c3587d-b6d3-493c-98c0-c0983e622a80}*SharedItemsImports = 13
		UltravioletSample13\UltravioletSample13.projitems*{e7a444cb-f7ab-46d9-8406-e21e5db850f9}*SharedItemsImports = 4
		UltravioletSample10\UltravioletSample10.projitems*{573824f0-2acc-46f4-95ee-79b78b0e36d6}*SharedItemsImports = 4
		UltravioletSample8\UltravioletSample8.projitems*{658a523e-fda7-4e1f-a3f2-932b401a50d9}*SharedItemsImports = 13
		UltravioletSample4\UltravioletSample4.projitems*{bda0a4e0-468a-4fa7-a070-ef25fb15cf08}*SharedItemsImports = 13
		UltravioletSample2\UltravioletSample2.projitems*{d00e3ff5-72a2-4bd9-beda-ba189f7b0829}*SharedItemsImports = 13
		UltravioletSample13\UltravioletSample13.projitems*{9d1bfe26-e1aa-4270-bfcb-6511768414d3}*SharedItemsImports = 13
		UltravioletSample7\UltravioletSample7.projitems*{990b2616-f387-4d0b-90a3-765ce28f3595}*SharedItemsImports = 4
		UltravioletSample3\UltravioletSample3.projitems*{7ccfa0d4-f43d-4c66-8de1-b23fa1afe41e}*SharedItemsImports = 4
		UltravioletSample9\UltravioletSample9.projitems*{dbd61736-8eb2-4d5c-bbb2-110fc9a10c7d}*SharedItemsImports = 4
		UltravioletSample12\UltravioletSample12.projitems*{3dfdef78-d6c3-4be4-9f99-a62294c72a1f}*SharedItemsImports = 4
		UltravioletSample9\UltravioletSample9.projitems*{0a93613c-b14a-41d8-bab5-e01aa6d33d89}*SharedItemsImports = 13
		UltravioletSample7\UltravioletSample7.projitems*{a42c4424-5a92-40b2-a2b3-9fcb43237e12}*SharedItemsImports = 13
		UltravioletSample1\UltravioletSample1.projitems*{254c229d-ba03-4ced-a139-f4213f8af6d9}*SharedItemsImports = 4
		UltravioletSample8\UltravioletSample8.projitems*{beed8045-00d0-45e7-bca4-d13f1d93fda8}*SharedItemsImports = 4
		UltravioletSample11\UltravioletSample11.projitems*{844f907a-e757-4d55-8b66-13a2ca51467d}*SharedItemsImports = 4
		UltravioletSample5\UltravioletSample5.projitems*{ab3abbd1-b987-4346-91fc-69d0694008a9}*SharedItemsImports = 4
	EndGlobalSection
	GlobalSection(SolutionConfigurationPlatforms) = preSolution
		Debug|Any CPU = Debug|Any CPU
		Release|Any CPU = Release|Any CPU
		Signed|Any CPU = Signed|Any CPU
	EndGlobalSection
	GlobalSection(ProjectConfigurationPlatforms) = postSolution
		{254C229D-BA03-4CED-A139-F4213F8AF6D9}.Debug|Any CPU.ActiveCfg = Debug|Any CPU
		{254C229D-BA03-4CED-A139-F4213F8AF6D9}.Debug|Any CPU.Build.0 = Debug|Any CPU
		{254C229D-BA03-4CED-A139-F4213F8AF6D9}.Release|Any CPU.ActiveCfg = Release|Any CPU
		{254C229D-BA03-4CED-A139-F4213F8AF6D9}.Release|Any CPU.Build.0 = Release|Any CPU
		{254C229D-BA03-4CED-A139-F4213F8AF6D9}.Signed|Any CPU.ActiveCfg = Signed|Any CPU
		{254C229D-BA03-4CED-A139-F4213F8AF6D9}.Signed|Any CPU.Build.0 = Signed|Any CPU
		{B13372AD-66EA-4829-A5DE-6032BB60AF7C}.Debug|Any CPU.ActiveCfg = Debug|Any CPU
		{B13372AD-66EA-4829-A5DE-6032BB60AF7C}.Debug|Any CPU.Build.0 = Debug|Any CPU
		{B13372AD-66EA-4829-A5DE-6032BB60AF7C}.Release|Any CPU.ActiveCfg = Release|Any CPU
		{B13372AD-66EA-4829-A5DE-6032BB60AF7C}.Release|Any CPU.Build.0 = Release|Any CPU
		{B13372AD-66EA-4829-A5DE-6032BB60AF7C}.Signed|Any CPU.ActiveCfg = Signed|Any CPU
		{B13372AD-66EA-4829-A5DE-6032BB60AF7C}.Signed|Any CPU.Build.0 = Signed|Any CPU
		{7CCFA0D4-F43D-4C66-8DE1-B23FA1AFE41E}.Debug|Any CPU.ActiveCfg = Debug|Any CPU
		{7CCFA0D4-F43D-4C66-8DE1-B23FA1AFE41E}.Debug|Any CPU.Build.0 = Debug|Any CPU
		{7CCFA0D4-F43D-4C66-8DE1-B23FA1AFE41E}.Release|Any CPU.ActiveCfg = Release|Any CPU
		{7CCFA0D4-F43D-4C66-8DE1-B23FA1AFE41E}.Release|Any CPU.Build.0 = Release|Any CPU
		{7CCFA0D4-F43D-4C66-8DE1-B23FA1AFE41E}.Signed|Any CPU.ActiveCfg = Signed|Any CPU
		{7CCFA0D4-F43D-4C66-8DE1-B23FA1AFE41E}.Signed|Any CPU.Build.0 = Signed|Any CPU
		{2C6B942E-3D19-4211-AF85-82402FD31A73}.Debug|Any CPU.ActiveCfg = Debug|Any CPU
		{2C6B942E-3D19-4211-AF85-82402FD31A73}.Debug|Any CPU.Build.0 = Debug|Any CPU
		{2C6B942E-3D19-4211-AF85-82402FD31A73}.Release|Any CPU.ActiveCfg = Release|Any CPU
		{2C6B942E-3D19-4211-AF85-82402FD31A73}.Release|Any CPU.Build.0 = Release|Any CPU
		{2C6B942E-3D19-4211-AF85-82402FD31A73}.Signed|Any CPU.ActiveCfg = Signed|Any CPU
		{2C6B942E-3D19-4211-AF85-82402FD31A73}.Signed|Any CPU.Build.0 = Signed|Any CPU
		{AB3ABBD1-B987-4346-91FC-69D0694008A9}.Debug|Any CPU.ActiveCfg = Debug|Any CPU
		{AB3ABBD1-B987-4346-91FC-69D0694008A9}.Debug|Any CPU.Build.0 = Debug|Any CPU
		{AB3ABBD1-B987-4346-91FC-69D0694008A9}.Release|Any CPU.ActiveCfg = Release|Any CPU
		{AB3ABBD1-B987-4346-91FC-69D0694008A9}.Release|Any CPU.Build.0 = Release|Any CPU
		{AB3ABBD1-B987-4346-91FC-69D0694008A9}.Signed|Any CPU.ActiveCfg = Signed|Any CPU
		{AB3ABBD1-B987-4346-91FC-69D0694008A9}.Signed|Any CPU.Build.0 = Signed|Any CPU
		{B689C7BE-E5E6-49AF-A594-F7771A74C7D4}.Debug|Any CPU.ActiveCfg = Debug|Any CPU
		{B689C7BE-E5E6-49AF-A594-F7771A74C7D4}.Debug|Any CPU.Build.0 = Debug|Any CPU
		{B689C7BE-E5E6-49AF-A594-F7771A74C7D4}.Release|Any CPU.ActiveCfg = Release|Any CPU
		{B689C7BE-E5E6-49AF-A594-F7771A74C7D4}.Release|Any CPU.Build.0 = Release|Any CPU
		{B689C7BE-E5E6-49AF-A594-F7771A74C7D4}.Signed|Any CPU.ActiveCfg = Signed|Any CPU
		{B689C7BE-E5E6-49AF-A594-F7771A74C7D4}.Signed|Any CPU.Build.0 = Signed|Any CPU
		{990B2616-F387-4D0B-90A3-765CE28F3595}.Debug|Any CPU.ActiveCfg = Debug|Any CPU
		{990B2616-F387-4D0B-90A3-765CE28F3595}.Debug|Any CPU.Build.0 = Debug|Any CPU
		{990B2616-F387-4D0B-90A3-765CE28F3595}.Release|Any CPU.ActiveCfg = Release|Any CPU
		{990B2616-F387-4D0B-90A3-765CE28F3595}.Release|Any CPU.Build.0 = Release|Any CPU
		{990B2616-F387-4D0B-90A3-765CE28F3595}.Signed|Any CPU.ActiveCfg = Signed|Any CPU
		{990B2616-F387-4D0B-90A3-765CE28F3595}.Signed|Any CPU.Build.0 = Signed|Any CPU
		{BEED8045-00D0-45E7-BCA4-D13F1D93FDA8}.Debug|Any CPU.ActiveCfg = Debug|Any CPU
		{BEED8045-00D0-45E7-BCA4-D13F1D93FDA8}.Debug|Any CPU.Build.0 = Debug|Any CPU
		{BEED8045-00D0-45E7-BCA4-D13F1D93FDA8}.Release|Any CPU.ActiveCfg = Release|Any CPU
		{BEED8045-00D0-45E7-BCA4-D13F1D93FDA8}.Release|Any CPU.Build.0 = Release|Any CPU
		{BEED8045-00D0-45E7-BCA4-D13F1D93FDA8}.Signed|Any CPU.ActiveCfg = Signed|Any CPU
		{BEED8045-00D0-45E7-BCA4-D13F1D93FDA8}.Signed|Any CPU.Build.0 = Signed|Any CPU
		{DBD61736-8EB2-4D5C-BBB2-110FC9A10C7D}.Debug|Any CPU.ActiveCfg = Debug|Any CPU
		{DBD61736-8EB2-4D5C-BBB2-110FC9A10C7D}.Debug|Any CPU.Build.0 = Debug|Any CPU
		{DBD61736-8EB2-4D5C-BBB2-110FC9A10C7D}.Release|Any CPU.ActiveCfg = Release|Any CPU
		{DBD61736-8EB2-4D5C-BBB2-110FC9A10C7D}.Release|Any CPU.Build.0 = Release|Any CPU
		{DBD61736-8EB2-4D5C-BBB2-110FC9A10C7D}.Signed|Any CPU.ActiveCfg = Signed|Any CPU
		{DBD61736-8EB2-4D5C-BBB2-110FC9A10C7D}.Signed|Any CPU.Build.0 = Signed|Any CPU
		{573824F0-2ACC-46F4-95EE-79B78B0E36D6}.Debug|Any CPU.ActiveCfg = Debug|Any CPU
		{573824F0-2ACC-46F4-95EE-79B78B0E36D6}.Debug|Any CPU.Build.0 = Debug|Any CPU
		{573824F0-2ACC-46F4-95EE-79B78B0E36D6}.Release|Any CPU.ActiveCfg = Release|Any CPU
		{573824F0-2ACC-46F4-95EE-79B78B0E36D6}.Release|Any CPU.Build.0 = Release|Any CPU
		{573824F0-2ACC-46F4-95EE-79B78B0E36D6}.Signed|Any CPU.ActiveCfg = Signed|Any CPU
		{573824F0-2ACC-46F4-95EE-79B78B0E36D6}.Signed|Any CPU.Build.0 = Signed|Any CPU
		{844F907A-E757-4D55-8B66-13A2CA51467D}.Debug|Any CPU.ActiveCfg = Debug|Any CPU
		{844F907A-E757-4D55-8B66-13A2CA51467D}.Debug|Any CPU.Build.0 = Debug|Any CPU
		{844F907A-E757-4D55-8B66-13A2CA51467D}.Release|Any CPU.ActiveCfg = Release|Any CPU
		{844F907A-E757-4D55-8B66-13A2CA51467D}.Release|Any CPU.Build.0 = Release|Any CPU
		{844F907A-E757-4D55-8B66-13A2CA51467D}.Signed|Any CPU.ActiveCfg = Signed|Any CPU
		{844F907A-E757-4D55-8B66-13A2CA51467D}.Signed|Any CPU.Build.0 = Signed|Any CPU
		{3DFDEF78-D6C3-4BE4-9F99-A62294C72A1F}.Debug|Any CPU.ActiveCfg = Debug|Any CPU
		{3DFDEF78-D6C3-4BE4-9F99-A62294C72A1F}.Debug|Any CPU.Build.0 = Debug|Any CPU
		{3DFDEF78-D6C3-4BE4-9F99-A62294C72A1F}.Release|Any CPU.ActiveCfg = Release|Any CPU
		{3DFDEF78-D6C3-4BE4-9F99-A62294C72A1F}.Release|Any CPU.Build.0 = Release|Any CPU
		{3DFDEF78-D6C3-4BE4-9F99-A62294C72A1F}.Signed|Any CPU.ActiveCfg = Signed|Any CPU
		{3DFDEF78-D6C3-4BE4-9F99-A62294C72A1F}.Signed|Any CPU.Build.0 = Signed|Any CPU
		{E7A444CB-F7AB-46D9-8406-E21E5DB850F9}.Debug|Any CPU.ActiveCfg = Debug|Any CPU
		{E7A444CB-F7AB-46D9-8406-E21E5DB850F9}.Debug|Any CPU.Build.0 = Debug|Any CPU
		{E7A444CB-F7AB-46D9-8406-E21E5DB850F9}.Release|Any CPU.ActiveCfg = Release|Any CPU
		{E7A444CB-F7AB-46D9-8406-E21E5DB850F9}.Release|Any CPU.Build.0 = Release|Any CPU
		{E7A444CB-F7AB-46D9-8406-E21E5DB850F9}.Signed|Any CPU.ActiveCfg = Signed|Any CPU
		{E7A444CB-F7AB-46D9-8406-E21E5DB850F9}.Signed|Any CPU.Build.0 = Signed|Any CPU
	EndGlobalSection
	GlobalSection(SolutionProperties) = preSolution
		HideSolutionNode = FALSE
	EndGlobalSection
	GlobalSection(NestedProjects) = preSolution
		{5FDDC7C1-5260-4304-A2A1-F050ACFF37C7} = {5A2E7DCA-0406-4807-8BC7-96D51857C9CB}
		{2D2DC1A3-F80B-4CF0-869C-4E1DE71E5F87} = {5FDDC7C1-5260-4304-A2A1-F050ACFF37C7}
		{9B08B9AD-53F8-4EF5-9393-A1D47D2EB9EC} = {5FDDC7C1-5260-4304-A2A1-F050ACFF37C7}
		{0DE26177-C231-4546-A551-52196B3B9FAA} = {5FDDC7C1-5260-4304-A2A1-F050ACFF37C7}
		{9EA40D30-2860-4671-9E5D-D427FD296B5B} = {5A2E7DCA-0406-4807-8BC7-96D51857C9CB}
		{DCA4BB4D-F291-4B9B-9732-1AF99A356949} = {9EA40D30-2860-4671-9E5D-D427FD296B5B}
		{C86FC06A-1356-480A-AF48-189048E03DD6} = {9EA40D30-2860-4671-9E5D-D427FD296B5B}
	EndGlobalSection
EndGlobal
