
Microsoft Visual Studio Solution File, Format Version 12.00
# Visual Studio 14
VisualStudioVersion = 14.0.25123.0
MinimumVisualStudioVersion = 10.0.40219.1
Project("{2150E333-8FDC-42A3-9474-1A3956D46DE8}") = "Versioning", "Versioning", "{887FECBC-8D41-4FF5-B0FB-89B618494D86}"
	ProjectSection(SolutionItems) = preProject
		Version.cs = Version.cs
	EndProjectSection
EndProject
Project("{D954291E-2A0B-460D-934E-DC6B0785DB48}") = "Sample1_CreatingAnApplication", "Sample1_CreatingAnApplication\Shared\Sample1_CreatingAnApplication.shproj", "{FD1AC1B5-C403-4C80-8169-9DFA1277E81A}"
EndProject
Project("{D954291E-2A0B-460D-934E-DC6B0785DB48}") = "Sample2_HandlingInput", "Sample2_HandlingInput\Shared\Sample2_HandlingInput.shproj", "{D00E3FF5-72A2-4BD9-BEDA-BA189F7B0829}"
EndProject
Project("{D954291E-2A0B-460D-934E-DC6B0785DB48}") = "Sample3_RenderingGeometry", "Sample3_RenderingGeometry\Shared\Sample3_RenderingGeometry.shproj", "{A4EC586B-92E6-4980-AA87-958BF9E45E8F}"
EndProject
Project("{D954291E-2A0B-460D-934E-DC6B0785DB48}") = "Sample4_ContentManagement", "Sample4_ContentManagement\Shared\Sample4_ContentManagement.shproj", "{BDA0A4E0-468A-4FA7-A070-EF25FB15CF08}"
EndProject
Project("{D954291E-2A0B-460D-934E-DC6B0785DB48}") = "Sample5_RenderingSprites", "Sample5_RenderingSprites\Shared\Sample5_RenderingSprites.shproj", "{0ECFAA60-2D08-4330-8533-A2262447DD1F}"
EndProject
Project("{D954291E-2A0B-460D-934E-DC6B0785DB48}") = "Sample6_RenderingText", "Sample6_RenderingText\Shared\Sample6_RenderingText.shproj", "{92C3587D-B6D3-493C-98C0-C0983E622A80}"
EndProject
Project("{D954291E-2A0B-460D-934E-DC6B0785DB48}") = "Sample7_PlayingMusic", "Sample7_PlayingMusic\Shared\Sample7_PlayingMusic.shproj", "{A42C4424-5A92-40B2-A2B3-9FCB43237E12}"
EndProject
Project("{D954291E-2A0B-460D-934E-DC6B0785DB48}") = "Sample8_PlayingSoundEffects", "Sample8_PlayingSoundEffects\Shared\Sample8_PlayingSoundEffects.shproj", "{658A523E-FDA7-4E1F-A3F2-932B401A50D9}"
EndProject
Project("{D954291E-2A0B-460D-934E-DC6B0785DB48}") = "Sample9_ManagingStateWithUIScreens", "Sample9_ManagingStateWithUIScreens\Shared\Sample9_ManagingStateWithUIScreens.shproj", "{0A93613C-B14A-41D8-BAB5-E01AA6D33D89}"
EndProject
Project("{D954291E-2A0B-460D-934E-DC6B0785DB48}") = "Sample10_AsynchronousContentLoading", "Sample10_AsynchronousContentLoading\Shared\Sample10_AsynchronousContentLoading.shproj", "{9491B997-483C-4F11-8A96-13B122E5419A}"
EndProject
Project("{D954291E-2A0B-460D-934E-DC6B0785DB48}") = "Sample11_GamePads", "Sample11_GamePads\Shared\Sample11_GamePads.shproj", "{10F3B9D4-DF14-457A-8012-4697522A181A}"
EndProject
Project("{D954291E-2A0B-460D-934E-DC6B0785DB48}") = "Sample12_UPF", "Sample12_UPF\Shared\Sample12_UPF.shproj", "{6BE6DA33-0089-41C0-A4E1-B51F145A22EF}"
EndProject
Project("{D954291E-2A0B-460D-934E-DC6B0785DB48}") = "Sample13_UPFAdvanced", "Sample13_UPFAdvanced\Shared\Sample13_UPFAdvanced.shproj", "{9D1BFE26-E1AA-4270-BFCB-6511768414D3}"
EndProject
Project("{D954291E-2A0B-460D-934E-DC6B0785DB48}") = "Sample14_LoadingImageDataWithSurfaces", "Sample14_LoadingImageDataWithSurfaces\Shared\Sample14_LoadingImageDataWithSurfaces.shproj", "{013EE98F-8DE7-48E9-8F2B-C39F056C0615}"
EndProject
Project("{D954291E-2A0B-460D-934E-DC6B0785DB48}") = "Sample15_RenderTargetsAndBuffers", "Sample15_RenderTargetsAndBuffers\Shared\Sample15_RenderTargetsAndBuffers.shproj", "{06B65153-1D88-4805-B2FD-A5B3BCAB3587}"
EndProject
Project("{D954291E-2A0B-460D-934E-DC6B0785DB48}") = "SampleSharedLib", "SampleSharedLib\Shared\SampleSharedLib.shproj", "{F07C30F1-B571-4516-9019-D9F5F8EFA15B}"
EndProject
Project("{D954291E-2A0B-460D-934E-DC6B0785DB48}") = "Sample16_CustomTextLayoutCommands", "Sample16_CustomTextLayoutCommands\Shared\Sample16_CustomTextLayoutCommands.shproj", "{D11DDE73-67C6-4D43-8270-67ACAF9ACC10}"
EndProject
Project("{FAE04EC0-301F-11D3-BF4B-00C04F79EFBC}") = "SampleSharedLib.iOS", "SampleSharedLib\iOS\SampleSharedLib.iOS.csproj", "{55F3D708-B0C1-446B-A83E-555E7E9EC9E1}"
EndProject
Project("{FAE04EC0-301F-11D3-BF4B-00C04F79EFBC}") = "Sample1_CreatingAnApplication.iOS", "Sample1_CreatingAnApplication\iOS\Sample1_CreatingAnApplication.iOS.csproj", "{8511A93F-9ECF-40BB-AA58-990A158964FC}"
EndProject
Project("{FAE04EC0-301F-11D3-BF4B-00C04F79EFBC}") = "Sample2_HandlingInput.iOS", "Sample2_HandlingInput\iOS\Sample2_HandlingInput.iOS.csproj", "{538CDC29-CE8F-43A7-AD09-10F9BCEBE14A}"
EndProject
Project("{FAE04EC0-301F-11D3-BF4B-00C04F79EFBC}") = "Sample3_RenderingGeometry.iOS", "Sample3_RenderingGeometry\iOS\Sample3_RenderingGeometry.iOS.csproj", "{A9531D37-0198-4170-A4D7-1D79953392BE}"
EndProject
Project("{FAE04EC0-301F-11D3-BF4B-00C04F79EFBC}") = "Sample4_ContentManagement.iOS", "Sample4_ContentManagement\iOS\Sample4_ContentManagement.iOS.csproj", "{D0D33AC7-B04B-4C82-BF1E-4FC6736465C0}"
EndProject
Project("{FAE04EC0-301F-11D3-BF4B-00C04F79EFBC}") = "Sample5_RenderingSprites.iOS", "Sample5_RenderingSprites\iOS\Sample5_RenderingSprites.iOS.csproj", "{68CF6BE0-EA7D-421A-BA82-2C68D945BC7C}"
EndProject
Project("{FAE04EC0-301F-11D3-BF4B-00C04F79EFBC}") = "Sample6_RenderingText.iOS", "Sample6_RenderingText\iOS\Sample6_RenderingText.iOS.csproj", "{8E6B8919-D143-40D0-9BDB-FD62DC75F8A1}"
EndProject
Project("{FAE04EC0-301F-11D3-BF4B-00C04F79EFBC}") = "Sample7_PlayingMusic.iOS", "Sample7_PlayingMusic\iOS\Sample7_PlayingMusic.iOS.csproj", "{D0258903-26E1-42DA-B1E6-5267522E7E2A}"
EndProject
Project("{FAE04EC0-301F-11D3-BF4B-00C04F79EFBC}") = "Sample8_PlayingSoundEffects.iOS", "Sample8_PlayingSoundEffects\iOS\Sample8_PlayingSoundEffects.iOS.csproj", "{55F0B40A-8C6C-4AC1-B014-7616F136423F}"
EndProject
Project("{FAE04EC0-301F-11D3-BF4B-00C04F79EFBC}") = "Sample9_ManagingStateWithUIScreens.iOS", "Sample9_ManagingStateWithUIScreens\iOS\Sample9_ManagingStateWithUIScreens.iOS.csproj", "{249A59B6-88A6-4797-8C97-117E832945EC}"
EndProject
Project("{FAE04EC0-301F-11D3-BF4B-00C04F79EFBC}") = "Sample10_AsynchronousContentLoading.iOS", "Sample10_AsynchronousContentLoading\iOS\Sample10_AsynchronousContentLoading.iOS.csproj", "{38187B1F-ADA4-47B4-AD49-09FCB60941FC}"
EndProject
Project("{FAE04EC0-301F-11D3-BF4B-00C04F79EFBC}") = "Sample11_GamePads.iOS", "Sample11_GamePads\iOS\Sample11_GamePads.iOS.csproj", "{369AF890-8FEB-4B7D-86ED-85FB374DE39E}"
EndProject
Project("{FAE04EC0-301F-11D3-BF4B-00C04F79EFBC}") = "Sample12_UPF.iOS", "Sample12_UPF\iOS\Sample12_UPF.iOS.csproj", "{E1657C38-0E22-4A7E-879E-E59A6DBD3594}"
EndProject
Project("{FAE04EC0-301F-11D3-BF4B-00C04F79EFBC}") = "Sample13_UPFAdvanced.iOS", "Sample13_UPFAdvanced\iOS\Sample13_UPFAdvanced.iOS.csproj", "{18E6166B-F4B3-4265-8B7F-BA99D7345C23}"
EndProject
Project("{FAE04EC0-301F-11D3-BF4B-00C04F79EFBC}") = "Sample14_LoadingImageDataWithSurfaces.iOS", "Sample14_LoadingImageDataWithSurfaces\iOS\Sample14_LoadingImageDataWithSurfaces.iOS.csproj", "{C0A427E3-4C7D-4F60-B124-37CB3A2E476E}"
EndProject
Project("{FAE04EC0-301F-11D3-BF4B-00C04F79EFBC}") = "Sample15_RenderTargetsAndBuffers.iOS", "Sample15_RenderTargetsAndBuffers\iOS\Sample15_RenderTargetsAndBuffers.iOS.csproj", "{E6766408-B862-4C60-948C-96809811B157}"
EndProject
Project("{FAE04EC0-301F-11D3-BF4B-00C04F79EFBC}") = "Sample16_CustomTextLayoutCommands.iOS", "Sample16_CustomTextLayoutCommands\iOS\Sample16_CustomTextLayoutCommands.iOS.csproj", "{2159B6B5-F8A0-41EC-A240-35EE551870AE}"
EndProject
Global
	GlobalSection(SolutionConfigurationPlatforms) = preSolution
		Debug|iPhoneSimulator = Debug|iPhoneSimulator
		Debug|iPhone = Debug|iPhone
		Release|iPhoneSimulator = Release|iPhoneSimulator
		Release|iPhone = Release|iPhone
		Signed|iPhoneSimulator = Signed|iPhoneSimulator
		Signed|iPhone = Signed|iPhone
	EndGlobalSection
	GlobalSection(ProjectConfigurationPlatforms) = postSolution
		{55F3D708-B0C1-446B-A83E-555E7E9EC9E1}.Debug|iPhone.ActiveCfg = Debug|Any CPU
		{55F3D708-B0C1-446B-A83E-555E7E9EC9E1}.Debug|iPhone.Build.0 = Debug|Any CPU
		{55F3D708-B0C1-446B-A83E-555E7E9EC9E1}.Debug|iPhoneSimulator.ActiveCfg = Debug|Any CPU
		{55F3D708-B0C1-446B-A83E-555E7E9EC9E1}.Debug|iPhoneSimulator.Build.0 = Debug|Any CPU
		{55F3D708-B0C1-446B-A83E-555E7E9EC9E1}.Release|iPhone.ActiveCfg = Release|Any CPU
		{55F3D708-B0C1-446B-A83E-555E7E9EC9E1}.Release|iPhone.Build.0 = Release|Any CPU
		{55F3D708-B0C1-446B-A83E-555E7E9EC9E1}.Release|iPhoneSimulator.ActiveCfg = Release|Any CPU
		{55F3D708-B0C1-446B-A83E-555E7E9EC9E1}.Release|iPhoneSimulator.Build.0 = Release|Any CPU
		{55F3D708-B0C1-446B-A83E-555E7E9EC9E1}.Signed|iPhone.ActiveCfg = Release|Any CPU
		{55F3D708-B0C1-446B-A83E-555E7E9EC9E1}.Signed|iPhone.Build.0 = Release|Any CPU
		{55F3D708-B0C1-446B-A83E-555E7E9EC9E1}.Signed|iPhoneSimulator.ActiveCfg = Release|Any CPU
		{55F3D708-B0C1-446B-A83E-555E7E9EC9E1}.Signed|iPhoneSimulator.Build.0 = Release|Any CPU
		{8511A93F-9ECF-40BB-AA58-990A158964FC}.Debug|iPhone.ActiveCfg = Debug|iPhone
		{8511A93F-9ECF-40BB-AA58-990A158964FC}.Debug|iPhone.Build.0 = Debug|iPhone
		{8511A93F-9ECF-40BB-AA58-990A158964FC}.Debug|iPhoneSimulator.ActiveCfg = Debug|iPhoneSimulator
		{8511A93F-9ECF-40BB-AA58-990A158964FC}.Debug|iPhoneSimulator.Build.0 = Debug|iPhoneSimulator
		{8511A93F-9ECF-40BB-AA58-990A158964FC}.Release|iPhone.ActiveCfg = Release|iPhone
		{8511A93F-9ECF-40BB-AA58-990A158964FC}.Release|iPhone.Build.0 = Release|iPhone
		{8511A93F-9ECF-40BB-AA58-990A158964FC}.Release|iPhoneSimulator.ActiveCfg = Release|iPhoneSimulator
		{8511A93F-9ECF-40BB-AA58-990A158964FC}.Release|iPhoneSimulator.Build.0 = Release|iPhoneSimulator
		{8511A93F-9ECF-40BB-AA58-990A158964FC}.Signed|iPhone.ActiveCfg = Release|iPhone
		{8511A93F-9ECF-40BB-AA58-990A158964FC}.Signed|iPhone.Build.0 = Release|iPhone
		{8511A93F-9ECF-40BB-AA58-990A158964FC}.Signed|iPhoneSimulator.ActiveCfg = Release|iPhoneSimulator
		{8511A93F-9ECF-40BB-AA58-990A158964FC}.Signed|iPhoneSimulator.Build.0 = Release|iPhoneSimulator
		{538CDC29-CE8F-43A7-AD09-10F9BCEBE14A}.Debug|iPhone.ActiveCfg = Debug|iPhone
		{538CDC29-CE8F-43A7-AD09-10F9BCEBE14A}.Debug|iPhone.Build.0 = Debug|iPhone
		{538CDC29-CE8F-43A7-AD09-10F9BCEBE14A}.Debug|iPhoneSimulator.ActiveCfg = Debug|iPhoneSimulator
		{538CDC29-CE8F-43A7-AD09-10F9BCEBE14A}.Debug|iPhoneSimulator.Build.0 = Debug|iPhoneSimulator
		{538CDC29-CE8F-43A7-AD09-10F9BCEBE14A}.Release|iPhone.ActiveCfg = Release|iPhone
		{538CDC29-CE8F-43A7-AD09-10F9BCEBE14A}.Release|iPhone.Build.0 = Release|iPhone
		{538CDC29-CE8F-43A7-AD09-10F9BCEBE14A}.Release|iPhoneSimulator.ActiveCfg = Release|iPhoneSimulator
		{538CDC29-CE8F-43A7-AD09-10F9BCEBE14A}.Release|iPhoneSimulator.Build.0 = Release|iPhoneSimulator
		{538CDC29-CE8F-43A7-AD09-10F9BCEBE14A}.Signed|iPhone.ActiveCfg = Release|iPhone
		{538CDC29-CE8F-43A7-AD09-10F9BCEBE14A}.Signed|iPhone.Build.0 = Release|iPhone
		{538CDC29-CE8F-43A7-AD09-10F9BCEBE14A}.Signed|iPhoneSimulator.ActiveCfg = Release|iPhoneSimulator
		{538CDC29-CE8F-43A7-AD09-10F9BCEBE14A}.Signed|iPhoneSimulator.Build.0 = Release|iPhoneSimulator
		{A9531D37-0198-4170-A4D7-1D79953392BE}.Debug|iPhone.ActiveCfg = Debug|iPhone
		{A9531D37-0198-4170-A4D7-1D79953392BE}.Debug|iPhone.Build.0 = Debug|iPhone
		{A9531D37-0198-4170-A4D7-1D79953392BE}.Debug|iPhoneSimulator.ActiveCfg = Debug|iPhoneSimulator
		{A9531D37-0198-4170-A4D7-1D79953392BE}.Debug|iPhoneSimulator.Build.0 = Debug|iPhoneSimulator
		{A9531D37-0198-4170-A4D7-1D79953392BE}.Release|iPhone.ActiveCfg = Release|iPhone
		{A9531D37-0198-4170-A4D7-1D79953392BE}.Release|iPhone.Build.0 = Release|iPhone
		{A9531D37-0198-4170-A4D7-1D79953392BE}.Release|iPhoneSimulator.ActiveCfg = Release|iPhoneSimulator
		{A9531D37-0198-4170-A4D7-1D79953392BE}.Release|iPhoneSimulator.Build.0 = Release|iPhoneSimulator
		{A9531D37-0198-4170-A4D7-1D79953392BE}.Signed|iPhone.ActiveCfg = Release|iPhone
		{A9531D37-0198-4170-A4D7-1D79953392BE}.Signed|iPhone.Build.0 = Release|iPhone
		{A9531D37-0198-4170-A4D7-1D79953392BE}.Signed|iPhoneSimulator.ActiveCfg = Release|iPhoneSimulator
		{A9531D37-0198-4170-A4D7-1D79953392BE}.Signed|iPhoneSimulator.Build.0 = Release|iPhoneSimulator
		{D0D33AC7-B04B-4C82-BF1E-4FC6736465C0}.Debug|iPhone.ActiveCfg = Debug|iPhone
		{D0D33AC7-B04B-4C82-BF1E-4FC6736465C0}.Debug|iPhone.Build.0 = Debug|iPhone
		{D0D33AC7-B04B-4C82-BF1E-4FC6736465C0}.Debug|iPhoneSimulator.ActiveCfg = Debug|iPhoneSimulator
		{D0D33AC7-B04B-4C82-BF1E-4FC6736465C0}.Debug|iPhoneSimulator.Build.0 = Debug|iPhoneSimulator
		{D0D33AC7-B04B-4C82-BF1E-4FC6736465C0}.Release|iPhone.ActiveCfg = Release|iPhone
		{D0D33AC7-B04B-4C82-BF1E-4FC6736465C0}.Release|iPhone.Build.0 = Release|iPhone
		{D0D33AC7-B04B-4C82-BF1E-4FC6736465C0}.Release|iPhoneSimulator.ActiveCfg = Release|iPhoneSimulator
		{D0D33AC7-B04B-4C82-BF1E-4FC6736465C0}.Release|iPhoneSimulator.Build.0 = Release|iPhoneSimulator
		{D0D33AC7-B04B-4C82-BF1E-4FC6736465C0}.Signed|iPhone.ActiveCfg = Release|iPhone
		{D0D33AC7-B04B-4C82-BF1E-4FC6736465C0}.Signed|iPhone.Build.0 = Release|iPhone
		{D0D33AC7-B04B-4C82-BF1E-4FC6736465C0}.Signed|iPhoneSimulator.ActiveCfg = Release|iPhoneSimulator
		{D0D33AC7-B04B-4C82-BF1E-4FC6736465C0}.Signed|iPhoneSimulator.Build.0 = Release|iPhoneSimulator
		{68CF6BE0-EA7D-421A-BA82-2C68D945BC7C}.Debug|iPhone.ActiveCfg = Debug|iPhone
		{68CF6BE0-EA7D-421A-BA82-2C68D945BC7C}.Debug|iPhone.Build.0 = Debug|iPhone
		{68CF6BE0-EA7D-421A-BA82-2C68D945BC7C}.Debug|iPhoneSimulator.ActiveCfg = Debug|iPhoneSimulator
		{68CF6BE0-EA7D-421A-BA82-2C68D945BC7C}.Debug|iPhoneSimulator.Build.0 = Debug|iPhoneSimulator
		{68CF6BE0-EA7D-421A-BA82-2C68D945BC7C}.Release|iPhone.ActiveCfg = Release|iPhone
		{68CF6BE0-EA7D-421A-BA82-2C68D945BC7C}.Release|iPhone.Build.0 = Release|iPhone
		{68CF6BE0-EA7D-421A-BA82-2C68D945BC7C}.Release|iPhoneSimulator.ActiveCfg = Release|iPhoneSimulator
		{68CF6BE0-EA7D-421A-BA82-2C68D945BC7C}.Release|iPhoneSimulator.Build.0 = Release|iPhoneSimulator
		{68CF6BE0-EA7D-421A-BA82-2C68D945BC7C}.Signed|iPhone.ActiveCfg = Release|iPhone
		{68CF6BE0-EA7D-421A-BA82-2C68D945BC7C}.Signed|iPhone.Build.0 = Release|iPhone
		{68CF6BE0-EA7D-421A-BA82-2C68D945BC7C}.Signed|iPhoneSimulator.ActiveCfg = Release|iPhoneSimulator
		{68CF6BE0-EA7D-421A-BA82-2C68D945BC7C}.Signed|iPhoneSimulator.Build.0 = Release|iPhoneSimulator
		{8E6B8919-D143-40D0-9BDB-FD62DC75F8A1}.Debug|iPhone.ActiveCfg = Debug|iPhone
		{8E6B8919-D143-40D0-9BDB-FD62DC75F8A1}.Debug|iPhone.Build.0 = Debug|iPhone
		{8E6B8919-D143-40D0-9BDB-FD62DC75F8A1}.Debug|iPhoneSimulator.ActiveCfg = Debug|iPhoneSimulator
		{8E6B8919-D143-40D0-9BDB-FD62DC75F8A1}.Debug|iPhoneSimulator.Build.0 = Debug|iPhoneSimulator
		{8E6B8919-D143-40D0-9BDB-FD62DC75F8A1}.Release|iPhone.ActiveCfg = Release|iPhone
		{8E6B8919-D143-40D0-9BDB-FD62DC75F8A1}.Release|iPhone.Build.0 = Release|iPhone
		{8E6B8919-D143-40D0-9BDB-FD62DC75F8A1}.Release|iPhoneSimulator.ActiveCfg = Release|iPhoneSimulator
		{8E6B8919-D143-40D0-9BDB-FD62DC75F8A1}.Release|iPhoneSimulator.Build.0 = Release|iPhoneSimulator
		{8E6B8919-D143-40D0-9BDB-FD62DC75F8A1}.Signed|iPhone.ActiveCfg = Release|iPhone
		{8E6B8919-D143-40D0-9BDB-FD62DC75F8A1}.Signed|iPhone.Build.0 = Release|iPhone
		{8E6B8919-D143-40D0-9BDB-FD62DC75F8A1}.Signed|iPhoneSimulator.ActiveCfg = Release|iPhoneSimulator
		{8E6B8919-D143-40D0-9BDB-FD62DC75F8A1}.Signed|iPhoneSimulator.Build.0 = Release|iPhoneSimulator
		{D0258903-26E1-42DA-B1E6-5267522E7E2A}.Debug|iPhone.ActiveCfg = Debug|iPhone
		{D0258903-26E1-42DA-B1E6-5267522E7E2A}.Debug|iPhone.Build.0 = Debug|iPhone
		{D0258903-26E1-42DA-B1E6-5267522E7E2A}.Debug|iPhoneSimulator.ActiveCfg = Debug|iPhoneSimulator
		{D0258903-26E1-42DA-B1E6-5267522E7E2A}.Debug|iPhoneSimulator.Build.0 = Debug|iPhoneSimulator
		{D0258903-26E1-42DA-B1E6-5267522E7E2A}.Release|iPhone.ActiveCfg = Release|iPhone
		{D0258903-26E1-42DA-B1E6-5267522E7E2A}.Release|iPhone.Build.0 = Release|iPhone
		{D0258903-26E1-42DA-B1E6-5267522E7E2A}.Release|iPhoneSimulator.ActiveCfg = Release|iPhoneSimulator
		{D0258903-26E1-42DA-B1E6-5267522E7E2A}.Release|iPhoneSimulator.Build.0 = Release|iPhoneSimulator
		{D0258903-26E1-42DA-B1E6-5267522E7E2A}.Signed|iPhone.ActiveCfg = Release|iPhone
		{D0258903-26E1-42DA-B1E6-5267522E7E2A}.Signed|iPhone.Build.0 = Release|iPhone
		{D0258903-26E1-42DA-B1E6-5267522E7E2A}.Signed|iPhoneSimulator.ActiveCfg = Release|iPhoneSimulator
		{D0258903-26E1-42DA-B1E6-5267522E7E2A}.Signed|iPhoneSimulator.Build.0 = Release|iPhoneSimulator
		{55F0B40A-8C6C-4AC1-B014-7616F136423F}.Debug|iPhone.ActiveCfg = Debug|iPhone
		{55F0B40A-8C6C-4AC1-B014-7616F136423F}.Debug|iPhone.Build.0 = Debug|iPhone
		{55F0B40A-8C6C-4AC1-B014-7616F136423F}.Debug|iPhoneSimulator.ActiveCfg = Debug|iPhoneSimulator
		{55F0B40A-8C6C-4AC1-B014-7616F136423F}.Debug|iPhoneSimulator.Build.0 = Debug|iPhoneSimulator
		{55F0B40A-8C6C-4AC1-B014-7616F136423F}.Release|iPhone.ActiveCfg = Release|iPhone
		{55F0B40A-8C6C-4AC1-B014-7616F136423F}.Release|iPhone.Build.0 = Release|iPhone
		{55F0B40A-8C6C-4AC1-B014-7616F136423F}.Release|iPhoneSimulator.ActiveCfg = Release|iPhoneSimulator
		{55F0B40A-8C6C-4AC1-B014-7616F136423F}.Release|iPhoneSimulator.Build.0 = Release|iPhoneSimulator
		{55F0B40A-8C6C-4AC1-B014-7616F136423F}.Signed|iPhone.ActiveCfg = Release|iPhone
		{55F0B40A-8C6C-4AC1-B014-7616F136423F}.Signed|iPhone.Build.0 = Release|iPhone
		{55F0B40A-8C6C-4AC1-B014-7616F136423F}.Signed|iPhoneSimulator.ActiveCfg = Release|iPhoneSimulator
		{55F0B40A-8C6C-4AC1-B014-7616F136423F}.Signed|iPhoneSimulator.Build.0 = Release|iPhoneSimulator
		{249A59B6-88A6-4797-8C97-117E832945EC}.Debug|iPhone.ActiveCfg = Debug|iPhone
		{249A59B6-88A6-4797-8C97-117E832945EC}.Debug|iPhone.Build.0 = Debug|iPhone
		{249A59B6-88A6-4797-8C97-117E832945EC}.Debug|iPhoneSimulator.ActiveCfg = Debug|iPhoneSimulator
		{249A59B6-88A6-4797-8C97-117E832945EC}.Debug|iPhoneSimulator.Build.0 = Debug|iPhoneSimulator
		{249A59B6-88A6-4797-8C97-117E832945EC}.Release|iPhone.ActiveCfg = Release|iPhone
		{249A59B6-88A6-4797-8C97-117E832945EC}.Release|iPhone.Build.0 = Release|iPhone
		{249A59B6-88A6-4797-8C97-117E832945EC}.Release|iPhoneSimulator.ActiveCfg = Release|iPhoneSimulator
		{249A59B6-88A6-4797-8C97-117E832945EC}.Release|iPhoneSimulator.Build.0 = Release|iPhoneSimulator
		{249A59B6-88A6-4797-8C97-117E832945EC}.Signed|iPhone.ActiveCfg = Release|iPhone
		{249A59B6-88A6-4797-8C97-117E832945EC}.Signed|iPhone.Build.0 = Release|iPhone
		{249A59B6-88A6-4797-8C97-117E832945EC}.Signed|iPhoneSimulator.ActiveCfg = Release|iPhoneSimulator
		{249A59B6-88A6-4797-8C97-117E832945EC}.Signed|iPhoneSimulator.Build.0 = Release|iPhoneSimulator
		{38187B1F-ADA4-47B4-AD49-09FCB60941FC}.Debug|iPhone.ActiveCfg = Debug|iPhone
		{38187B1F-ADA4-47B4-AD49-09FCB60941FC}.Debug|iPhone.Build.0 = Debug|iPhone
		{38187B1F-ADA4-47B4-AD49-09FCB60941FC}.Debug|iPhoneSimulator.ActiveCfg = Debug|iPhoneSimulator
		{38187B1F-ADA4-47B4-AD49-09FCB60941FC}.Debug|iPhoneSimulator.Build.0 = Debug|iPhoneSimulator
		{38187B1F-ADA4-47B4-AD49-09FCB60941FC}.Release|iPhone.ActiveCfg = Release|iPhone
		{38187B1F-ADA4-47B4-AD49-09FCB60941FC}.Release|iPhone.Build.0 = Release|iPhone
		{38187B1F-ADA4-47B4-AD49-09FCB60941FC}.Release|iPhoneSimulator.ActiveCfg = Release|iPhoneSimulator
		{38187B1F-ADA4-47B4-AD49-09FCB60941FC}.Release|iPhoneSimulator.Build.0 = Release|iPhoneSimulator
		{38187B1F-ADA4-47B4-AD49-09FCB60941FC}.Signed|iPhone.ActiveCfg = Release|iPhone
		{38187B1F-ADA4-47B4-AD49-09FCB60941FC}.Signed|iPhone.Build.0 = Release|iPhone
		{38187B1F-ADA4-47B4-AD49-09FCB60941FC}.Signed|iPhoneSimulator.ActiveCfg = Release|iPhoneSimulator
		{38187B1F-ADA4-47B4-AD49-09FCB60941FC}.Signed|iPhoneSimulator.Build.0 = Release|iPhoneSimulator
		{369AF890-8FEB-4B7D-86ED-85FB374DE39E}.Debug|iPhone.ActiveCfg = Debug|iPhone
		{369AF890-8FEB-4B7D-86ED-85FB374DE39E}.Debug|iPhone.Build.0 = Debug|iPhone
		{369AF890-8FEB-4B7D-86ED-85FB374DE39E}.Debug|iPhoneSimulator.ActiveCfg = Debug|iPhoneSimulator
		{369AF890-8FEB-4B7D-86ED-85FB374DE39E}.Debug|iPhoneSimulator.Build.0 = Debug|iPhoneSimulator
		{369AF890-8FEB-4B7D-86ED-85FB374DE39E}.Release|iPhone.ActiveCfg = Release|iPhone
		{369AF890-8FEB-4B7D-86ED-85FB374DE39E}.Release|iPhone.Build.0 = Release|iPhone
		{369AF890-8FEB-4B7D-86ED-85FB374DE39E}.Release|iPhoneSimulator.ActiveCfg = Release|iPhoneSimulator
		{369AF890-8FEB-4B7D-86ED-85FB374DE39E}.Release|iPhoneSimulator.Build.0 = Release|iPhoneSimulator
		{369AF890-8FEB-4B7D-86ED-85FB374DE39E}.Signed|iPhone.ActiveCfg = Release|iPhone
		{369AF890-8FEB-4B7D-86ED-85FB374DE39E}.Signed|iPhone.Build.0 = Release|iPhone
		{369AF890-8FEB-4B7D-86ED-85FB374DE39E}.Signed|iPhoneSimulator.ActiveCfg = Release|iPhoneSimulator
		{369AF890-8FEB-4B7D-86ED-85FB374DE39E}.Signed|iPhoneSimulator.Build.0 = Release|iPhoneSimulator
		{E1657C38-0E22-4A7E-879E-E59A6DBD3594}.Debug|iPhone.ActiveCfg = Debug|iPhone
		{E1657C38-0E22-4A7E-879E-E59A6DBD3594}.Debug|iPhone.Build.0 = Debug|iPhone
		{E1657C38-0E22-4A7E-879E-E59A6DBD3594}.Debug|iPhoneSimulator.ActiveCfg = Debug|iPhoneSimulator
		{E1657C38-0E22-4A7E-879E-E59A6DBD3594}.Debug|iPhoneSimulator.Build.0 = Debug|iPhoneSimulator
		{E1657C38-0E22-4A7E-879E-E59A6DBD3594}.Release|iPhone.ActiveCfg = Release|iPhone
		{E1657C38-0E22-4A7E-879E-E59A6DBD3594}.Release|iPhone.Build.0 = Release|iPhone
		{E1657C38-0E22-4A7E-879E-E59A6DBD3594}.Release|iPhoneSimulator.ActiveCfg = Release|iPhoneSimulator
		{E1657C38-0E22-4A7E-879E-E59A6DBD3594}.Release|iPhoneSimulator.Build.0 = Release|iPhoneSimulator
		{E1657C38-0E22-4A7E-879E-E59A6DBD3594}.Signed|iPhone.ActiveCfg = Release|iPhone
		{E1657C38-0E22-4A7E-879E-E59A6DBD3594}.Signed|iPhone.Build.0 = Release|iPhone
		{E1657C38-0E22-4A7E-879E-E59A6DBD3594}.Signed|iPhoneSimulator.ActiveCfg = Release|iPhoneSimulator
		{E1657C38-0E22-4A7E-879E-E59A6DBD3594}.Signed|iPhoneSimulator.Build.0 = Release|iPhoneSimulator
		{18E6166B-F4B3-4265-8B7F-BA99D7345C23}.Debug|iPhone.ActiveCfg = Debug|iPhone
		{18E6166B-F4B3-4265-8B7F-BA99D7345C23}.Debug|iPhone.Build.0 = Debug|iPhone
		{18E6166B-F4B3-4265-8B7F-BA99D7345C23}.Debug|iPhoneSimulator.ActiveCfg = Debug|iPhoneSimulator
		{18E6166B-F4B3-4265-8B7F-BA99D7345C23}.Debug|iPhoneSimulator.Build.0 = Debug|iPhoneSimulator
		{18E6166B-F4B3-4265-8B7F-BA99D7345C23}.Release|iPhone.ActiveCfg = Release|iPhone
		{18E6166B-F4B3-4265-8B7F-BA99D7345C23}.Release|iPhone.Build.0 = Release|iPhone
		{18E6166B-F4B3-4265-8B7F-BA99D7345C23}.Release|iPhoneSimulator.ActiveCfg = Release|iPhoneSimulator
		{18E6166B-F4B3-4265-8B7F-BA99D7345C23}.Release|iPhoneSimulator.Build.0 = Release|iPhoneSimulator
		{18E6166B-F4B3-4265-8B7F-BA99D7345C23}.Signed|iPhone.ActiveCfg = Release|iPhone
		{18E6166B-F4B3-4265-8B7F-BA99D7345C23}.Signed|iPhone.Build.0 = Release|iPhone
		{18E6166B-F4B3-4265-8B7F-BA99D7345C23}.Signed|iPhoneSimulator.ActiveCfg = Release|iPhoneSimulator
		{18E6166B-F4B3-4265-8B7F-BA99D7345C23}.Signed|iPhoneSimulator.Build.0 = Release|iPhoneSimulator
		{C0A427E3-4C7D-4F60-B124-37CB3A2E476E}.Debug|iPhone.ActiveCfg = Debug|iPhone
		{C0A427E3-4C7D-4F60-B124-37CB3A2E476E}.Debug|iPhone.Build.0 = Debug|iPhone
		{C0A427E3-4C7D-4F60-B124-37CB3A2E476E}.Debug|iPhoneSimulator.ActiveCfg = Debug|iPhoneSimulator
		{C0A427E3-4C7D-4F60-B124-37CB3A2E476E}.Debug|iPhoneSimulator.Build.0 = Debug|iPhoneSimulator
		{C0A427E3-4C7D-4F60-B124-37CB3A2E476E}.Release|iPhone.ActiveCfg = Release|iPhone
		{C0A427E3-4C7D-4F60-B124-37CB3A2E476E}.Release|iPhone.Build.0 = Release|iPhone
		{C0A427E3-4C7D-4F60-B124-37CB3A2E476E}.Release|iPhoneSimulator.ActiveCfg = Release|iPhoneSimulator
		{C0A427E3-4C7D-4F60-B124-37CB3A2E476E}.Release|iPhoneSimulator.Build.0 = Release|iPhoneSimulator
		{C0A427E3-4C7D-4F60-B124-37CB3A2E476E}.Signed|iPhone.ActiveCfg = Release|iPhone
		{C0A427E3-4C7D-4F60-B124-37CB3A2E476E}.Signed|iPhone.Build.0 = Release|iPhone
		{C0A427E3-4C7D-4F60-B124-37CB3A2E476E}.Signed|iPhoneSimulator.ActiveCfg = Release|iPhoneSimulator
		{C0A427E3-4C7D-4F60-B124-37CB3A2E476E}.Signed|iPhoneSimulator.Build.0 = Release|iPhoneSimulator
		{E6766408-B862-4C60-948C-96809811B157}.Debug|iPhone.ActiveCfg = Debug|iPhone
		{E6766408-B862-4C60-948C-96809811B157}.Debug|iPhone.Build.0 = Debug|iPhone
		{E6766408-B862-4C60-948C-96809811B157}.Debug|iPhoneSimulator.ActiveCfg = Debug|iPhoneSimulator
		{E6766408-B862-4C60-948C-96809811B157}.Debug|iPhoneSimulator.Build.0 = Debug|iPhoneSimulator
		{E6766408-B862-4C60-948C-96809811B157}.Release|iPhone.ActiveCfg = Release|iPhone
		{E6766408-B862-4C60-948C-96809811B157}.Release|iPhone.Build.0 = Release|iPhone
		{E6766408-B862-4C60-948C-96809811B157}.Release|iPhoneSimulator.ActiveCfg = Release|iPhoneSimulator
		{E6766408-B862-4C60-948C-96809811B157}.Release|iPhoneSimulator.Build.0 = Release|iPhoneSimulator
		{E6766408-B862-4C60-948C-96809811B157}.Signed|iPhone.ActiveCfg = Release|iPhone
		{E6766408-B862-4C60-948C-96809811B157}.Signed|iPhone.Build.0 = Release|iPhone
		{E6766408-B862-4C60-948C-96809811B157}.Signed|iPhoneSimulator.ActiveCfg = Release|iPhoneSimulator
		{E6766408-B862-4C60-948C-96809811B157}.Signed|iPhoneSimulator.Build.0 = Release|iPhoneSimulator
		{2159B6B5-F8A0-41EC-A240-35EE551870AE}.Debug|iPhone.ActiveCfg = Debug|iPhone
		{2159B6B5-F8A0-41EC-A240-35EE551870AE}.Debug|iPhone.Build.0 = Debug|iPhone
		{2159B6B5-F8A0-41EC-A240-35EE551870AE}.Debug|iPhoneSimulator.ActiveCfg = Debug|iPhoneSimulator
		{2159B6B5-F8A0-41EC-A240-35EE551870AE}.Debug|iPhoneSimulator.Build.0 = Debug|iPhoneSimulator
		{2159B6B5-F8A0-41EC-A240-35EE551870AE}.Release|iPhone.ActiveCfg = Release|iPhone
		{2159B6B5-F8A0-41EC-A240-35EE551870AE}.Release|iPhone.Build.0 = Release|iPhone
		{2159B6B5-F8A0-41EC-A240-35EE551870AE}.Release|iPhoneSimulator.ActiveCfg = Release|iPhoneSimulator
		{2159B6B5-F8A0-41EC-A240-35EE551870AE}.Release|iPhoneSimulator.Build.0 = Release|iPhoneSimulator
		{2159B6B5-F8A0-41EC-A240-35EE551870AE}.Signed|iPhone.ActiveCfg = Release|iPhone
		{2159B6B5-F8A0-41EC-A240-35EE551870AE}.Signed|iPhone.Build.0 = Release|iPhone
		{2159B6B5-F8A0-41EC-A240-35EE551870AE}.Signed|iPhoneSimulator.ActiveCfg = Release|iPhoneSimulator
		{2159B6B5-F8A0-41EC-A240-35EE551870AE}.Signed|iPhoneSimulator.Build.0 = Release|iPhoneSimulator
	EndGlobalSection
	GlobalSection(SolutionProperties) = preSolution
		HideSolutionNode = FALSE
	EndGlobalSection
	GlobalSection(MonoDevelopProperties) = preSolution
		Policies = $0
		$0.TextStylePolicy = $3
		$3.FileWidth = 120
		$3.TabsToSpaces = False
		$3.inheritsSet = VisualStudio
		$3.inheritsScope = text/plain
		StartupItem = UltravioletSample8\UltravioletSample8.csproj
	EndGlobalSection
EndGlobal
