
Microsoft Visual Studio Solution File, Format Version 12.00
# Visual Studio Version 17
VisualStudioVersion = 17.6.33815.320
MinimumVisualStudioVersion = 10.0.40219.1
Project("{9A19103F-16F7-4668-BE54-9A1E7A4F7556}") = "Ultraviolet.Core", "Ultraviolet.Core\Ultraviolet.Core.csproj", "{5084F479-1233-477C-87D8-9DF47055DD80}"
EndProject
Project("{9A19103F-16F7-4668-BE54-9A1E7A4F7556}") = "Ultraviolet.OpenGL.Bindings", "Ultraviolet.OpenGL.Bindings\Ultraviolet.OpenGL.Bindings.csproj", "{083EBC74-51BE-46E4-981F-09F5384EA856}"
EndProject
Project("{9A19103F-16F7-4668-BE54-9A1E7A4F7556}") = "Ultraviolet", "Ultraviolet\Ultraviolet.csproj", "{60ECC362-96E4-4A54-B280-23CB5CDB6903}"
EndProject
Project("{9A19103F-16F7-4668-BE54-9A1E7A4F7556}") = "Ultraviolet.SDL2", "Ultraviolet.SDL2\Ultraviolet.SDL2.csproj", "{4EFF1892-2CDF-45A4-8BB0-61CEC0875963}"
EndProject
Project("{9A19103F-16F7-4668-BE54-9A1E7A4F7556}") = "Ultraviolet.OpenGL", "Ultraviolet.OpenGL\Ultraviolet.OpenGL.csproj", "{2102C259-B359-465F-93DC-3A317FF09762}"
EndProject
Project("{9A19103F-16F7-4668-BE54-9A1E7A4F7556}") = "Ultraviolet.Shims.NETCore", "Ultraviolet.Shims.NETCore\Ultraviolet.Shims.NETCore.csproj", "{6DE9B8AD-3CBD-499B-9A17-5DB198B7E6B1}"
EndProject
Project("{9A19103F-16F7-4668-BE54-9A1E7A4F7556}") = "Ultraviolet.FreeType2", "Ultraviolet.FreeType2\Ultraviolet.FreeType2.csproj", "{9E47B77D-B108-4954-B441-2569FA888041}"
EndProject
Project("{9A19103F-16F7-4668-BE54-9A1E7A4F7556}") = "Ultraviolet.Presentation.Uvss", "Ultraviolet.Presentation.Uvss\Ultraviolet.Presentation.Uvss.csproj", "{C51252DA-60C9-4B3B-A08E-C94F9D1A9F35}"
EndProject
Project("{9A19103F-16F7-4668-BE54-9A1E7A4F7556}") = "Ultraviolet.Presentation", "Ultraviolet.Presentation\Ultraviolet.Presentation.csproj", "{73860779-6975-440D-9F01-DCE0FBA2F703}"
EndProject
Project("{9A19103F-16F7-4668-BE54-9A1E7A4F7556}") = "Ultraviolet.BASS", "Ultraviolet.BASS\Ultraviolet.BASS.csproj", "{69ADB61D-C5B5-4E5E-82D6-8AFD9216D28E}"
EndProject
Project("{9A19103F-16F7-4668-BE54-9A1E7A4F7556}") = "Ultraviolet.Presentation.Compiler", "Ultraviolet.Presentation.Compiler\Ultraviolet.Presentation.Compiler.csproj", "{6D4EB5C2-1427-4BBD-8679-F1D01F3675F9}"
EndProject
Project("{9A19103F-16F7-4668-BE54-9A1E7A4F7556}") = "Ultraviolet.FMOD", "Ultraviolet.FMOD\Ultraviolet.FMOD.csproj", "{2D9F99FD-93EE-4D9E-8EC9-718E6C67595E}"
EndProject
Project("{9A19103F-16F7-4668-BE54-9A1E7A4F7556}") = "Ultraviolet.ImGuiViewProvider.Bindings", "Ultraviolet.ImGuiViewProvider.Bindings\Ultraviolet.ImGuiViewProvider.Bindings.csproj", "{2C86EC33-C71F-4369-940D-F9FDB69EB165}"
EndProject
Project("{9A19103F-16F7-4668-BE54-9A1E7A4F7556}") = "Ultraviolet.ImGuiViewProvider", "Ultraviolet.ImGuiViewProvider\Ultraviolet.ImGuiViewProvider.csproj", "{195EAE48-23A4-47CD-84F8-6FDC61FAA236}"
EndProject
Project("{9A19103F-16F7-4668-BE54-9A1E7A4F7556}") = "UvDebug.NETCore", "UvDebug\NETCore\UvDebug.NETCore.csproj", "{0A52123E-EFA1-4A86-8223-FB7B807C162A}"
EndProject
Project("{9A19103F-16F7-4668-BE54-9A1E7A4F7556}") = "Ultraviolet.Tooling", "Ultraviolet.Tooling\Ultraviolet.Tooling.csproj", "{A528808D-F58D-4132-9D79-13C23341FE52}"
EndProject
Project("{9A19103F-16F7-4668-BE54-9A1E7A4F7556}") = "UvArchive", "UvArchive\UvArchive.csproj", "{099981E0-206B-4E1E-A806-87761B1D238D}"
EndProject
Project("{9A19103F-16F7-4668-BE54-9A1E7A4F7556}") = "UvFont", "UvFont\UvFont.csproj", "{8E35D7B2-7901-4A74-8A1A-0C836D1F8E03}"
EndProject
Project("{9A19103F-16F7-4668-BE54-9A1E7A4F7556}") = "UvAssetList", "UvAssetList\UvAssetList.csproj", "{AC122D65-34DB-4577-BEDF-07A4736DD6B7}"
EndProject
Project("{9A19103F-16F7-4668-BE54-9A1E7A4F7556}") = "Ultraviolet.TestApplication", "Ultraviolet.TestApplication\Ultraviolet.TestApplication.csproj", "{A7EBA919-81B2-49A0-8381-EF3656145289}"
EndProject
Project("{D954291E-2A0B-460D-934E-DC6B0785DB48}") = "Ultraviolet.Tests.Content", "Ultraviolet.Tests.Content\Ultraviolet.Tests.Content.shproj", "{0E2B1BC3-D1C3-4626-8AA3-37BF3039E43F}"
EndProject
Project("{9A19103F-16F7-4668-BE54-9A1E7A4F7556}") = "Ultraviolet.Presentation.Tests.ViewModels", "Ultraviolet.Presentation.Tests.ViewModels\Ultraviolet.Presentation.Tests.ViewModels.csproj", "{C63BA0DC-D1FC-4F61-BBB8-BFA1FE34D854}"
EndProject
Project("{9A19103F-16F7-4668-BE54-9A1E7A4F7556}") = "Ultraviolet.Core.TestFramework", "Ultraviolet.Core.TestFramework\Ultraviolet.Core.TestFramework.csproj", "{0C80B5C4-C509-4A14-93A0-6C2835F55B17}"
EndProject
Project("{9A19103F-16F7-4668-BE54-9A1E7A4F7556}") = "Ultraviolet.Core.Tests", "Ultraviolet.Core.Tests\Ultraviolet.Core.Tests.csproj", "{AAD0995C-4ADD-47C7-97EC-F60C47327C87}"
EndProject
Project("{9A19103F-16F7-4668-BE54-9A1E7A4F7556}") = "Ultraviolet.TestFramework", "Ultraviolet.TestFramework\Ultraviolet.TestFramework.csproj", "{A17FC00D-EED4-4C6C-A84D-CCB1C39C4CB6}"
EndProject
Project("{9A19103F-16F7-4668-BE54-9A1E7A4F7556}") = "Ultraviolet.Presentation.Uvss.TestFramework", "Ultraviolet.Presentation.Uvss.TestFramework\Ultraviolet.Presentation.Uvss.TestFramework.csproj", "{4B107EB9-B8A3-45C2-A435-BC57E663FCD8}"
EndProject
Project("{9A19103F-16F7-4668-BE54-9A1E7A4F7556}") = "Ultraviolet.Presentation.Uvss.Tests", "Ultraviolet.Presentation.Uvss.Tests\Ultraviolet.Presentation.Uvss.Tests.csproj", "{B1A6291D-DA1A-4F85-9843-E814E5602928}"
EndProject
Project("{9A19103F-16F7-4668-BE54-9A1E7A4F7556}") = "Ultraviolet.Presentation.Tests", "Ultraviolet.Presentation.Tests\Ultraviolet.Presentation.Tests.csproj", "{86D72245-262C-45FE-B81F-937B23C29B6F}"
EndProject
Project("{9A19103F-16F7-4668-BE54-9A1E7A4F7556}") = "Ultraviolet.Tests", "Ultraviolet.Tests\Ultraviolet.Tests.csproj", "{375D70B8-EEE0-4455-AE7C-897CD57B18EA}"
EndProject
Project("{9A19103F-16F7-4668-BE54-9A1E7A4F7556}") = "UvDebug.Android", "UvDebug\Android\UvDebug.Android.csproj", "{BFEBD22B-7789-43A8-A1EA-550C316C29FD}"
	ProjectSection(ProjectDependencies) = postProject
		{0A52123E-EFA1-4A86-8223-FB7B807C162A} = {0A52123E-EFA1-4A86-8223-FB7B807C162A}
		{099981E0-206B-4E1E-A806-87761B1D238D} = {099981E0-206B-4E1E-A806-87761B1D238D}
	EndProjectSection
EndProject
Project("{9A19103F-16F7-4668-BE54-9A1E7A4F7556}") = "Ultraviolet.Shims.Android", "Ultraviolet.Shims.Android\Ultraviolet.Shims.Android.csproj", "{19BC2D12-6E14-4A15-9F33-5C6DC92BDEAF}"
EndProject
Project("{9A19103F-16F7-4668-BE54-9A1E7A4F7556}") = "Ultraviolet.Shims.Android.FMOD", "Ultraviolet.Shims.Android.FMOD\Ultraviolet.Shims.Android.FMOD.csproj", "{30E0136E-DAB4-4738-87C4-C4CCCCB30DD8}"
EndProject
Project("{9A19103F-16F7-4668-BE54-9A1E7A4F7556}") = "Ultraviolet.OpenGL.Environment", "Ultraviolet.OpenGL.Environment\Ultraviolet.OpenGL.Environment.csproj", "{233375B6-7250-41EE-B6E9-440995405539}"
EndProject
Project("{9A19103F-16F7-4668-BE54-9A1E7A4F7556}") = "Ultraviolet.Image", "Ultraviolet.Image\Ultraviolet.Image.csproj", "{FEA4CBD7-276A-430B-A6D2-33DF330B96D4}"
EndProject
Project("{9A19103F-16F7-4668-BE54-9A1E7A4F7556}") = "UvDebug", "UvDebug\Shared\UvDebug.csproj", "{271BC86C-25D9-434A-A90E-6E296A48CD73}"
EndProject
Global
	GlobalSection(SolutionConfigurationPlatforms) = preSolution
		Debug|Any CPU = Debug|Any CPU
		Release|Any CPU = Release|Any CPU
	EndGlobalSection
	GlobalSection(ProjectConfigurationPlatforms) = postSolution
		{5084F479-1233-477C-87D8-9DF47055DD80}.Debug|Any CPU.ActiveCfg = Debug|Any CPU
		{5084F479-1233-477C-87D8-9DF47055DD80}.Debug|Any CPU.Build.0 = Debug|Any CPU
		{5084F479-1233-477C-87D8-9DF47055DD80}.Release|Any CPU.ActiveCfg = Release|Any CPU
		{5084F479-1233-477C-87D8-9DF47055DD80}.Release|Any CPU.Build.0 = Release|Any CPU
		{083EBC74-51BE-46E4-981F-09F5384EA856}.Debug|Any CPU.ActiveCfg = Debug|Any CPU
		{083EBC74-51BE-46E4-981F-09F5384EA856}.Debug|Any CPU.Build.0 = Debug|Any CPU
		{083EBC74-51BE-46E4-981F-09F5384EA856}.Release|Any CPU.ActiveCfg = Release|Any CPU
		{083EBC74-51BE-46E4-981F-09F5384EA856}.Release|Any CPU.Build.0 = Release|Any CPU
		{60ECC362-96E4-4A54-B280-23CB5CDB6903}.Debug|Any CPU.ActiveCfg = Debug|Any CPU
		{60ECC362-96E4-4A54-B280-23CB5CDB6903}.Debug|Any CPU.Build.0 = Debug|Any CPU
		{60ECC362-96E4-4A54-B280-23CB5CDB6903}.Release|Any CPU.ActiveCfg = Release|Any CPU
		{60ECC362-96E4-4A54-B280-23CB5CDB6903}.Release|Any CPU.Build.0 = Release|Any CPU
		{4EFF1892-2CDF-45A4-8BB0-61CEC0875963}.Debug|Any CPU.ActiveCfg = Debug|Any CPU
		{4EFF1892-2CDF-45A4-8BB0-61CEC0875963}.Debug|Any CPU.Build.0 = Debug|Any CPU
		{4EFF1892-2CDF-45A4-8BB0-61CEC0875963}.Release|Any CPU.ActiveCfg = Release|Any CPU
		{4EFF1892-2CDF-45A4-8BB0-61CEC0875963}.Release|Any CPU.Build.0 = Release|Any CPU
		{2102C259-B359-465F-93DC-3A317FF09762}.Debug|Any CPU.ActiveCfg = Debug|Any CPU
		{2102C259-B359-465F-93DC-3A317FF09762}.Debug|Any CPU.Build.0 = Debug|Any CPU
		{2102C259-B359-465F-93DC-3A317FF09762}.Release|Any CPU.ActiveCfg = Release|Any CPU
		{2102C259-B359-465F-93DC-3A317FF09762}.Release|Any CPU.Build.0 = Release|Any CPU
		{6DE9B8AD-3CBD-499B-9A17-5DB198B7E6B1}.Debug|Any CPU.ActiveCfg = Debug|Any CPU
		{6DE9B8AD-3CBD-499B-9A17-5DB198B7E6B1}.Debug|Any CPU.Build.0 = Debug|Any CPU
		{6DE9B8AD-3CBD-499B-9A17-5DB198B7E6B1}.Release|Any CPU.ActiveCfg = Release|Any CPU
		{6DE9B8AD-3CBD-499B-9A17-5DB198B7E6B1}.Release|Any CPU.Build.0 = Release|Any CPU
		{9E47B77D-B108-4954-B441-2569FA888041}.Debug|Any CPU.ActiveCfg = Debug|Any CPU
		{9E47B77D-B108-4954-B441-2569FA888041}.Debug|Any CPU.Build.0 = Debug|Any CPU
		{9E47B77D-B108-4954-B441-2569FA888041}.Release|Any CPU.ActiveCfg = Release|Any CPU
		{9E47B77D-B108-4954-B441-2569FA888041}.Release|Any CPU.Build.0 = Release|Any CPU
		{C51252DA-60C9-4B3B-A08E-C94F9D1A9F35}.Debug|Any CPU.ActiveCfg = Debug|Any CPU
		{C51252DA-60C9-4B3B-A08E-C94F9D1A9F35}.Debug|Any CPU.Build.0 = Debug|Any CPU
		{C51252DA-60C9-4B3B-A08E-C94F9D1A9F35}.Release|Any CPU.ActiveCfg = Release|Any CPU
		{C51252DA-60C9-4B3B-A08E-C94F9D1A9F35}.Release|Any CPU.Build.0 = Release|Any CPU
		{73860779-6975-440D-9F01-DCE0FBA2F703}.Debug|Any CPU.ActiveCfg = Debug|Any CPU
		{73860779-6975-440D-9F01-DCE0FBA2F703}.Debug|Any CPU.Build.0 = Debug|Any CPU
		{73860779-6975-440D-9F01-DCE0FBA2F703}.Release|Any CPU.ActiveCfg = Release|Any CPU
		{73860779-6975-440D-9F01-DCE0FBA2F703}.Release|Any CPU.Build.0 = Release|Any CPU
		{69ADB61D-C5B5-4E5E-82D6-8AFD9216D28E}.Debug|Any CPU.ActiveCfg = Debug|Any CPU
		{69ADB61D-C5B5-4E5E-82D6-8AFD9216D28E}.Debug|Any CPU.Build.0 = Debug|Any CPU
		{69ADB61D-C5B5-4E5E-82D6-8AFD9216D28E}.Release|Any CPU.ActiveCfg = Release|Any CPU
		{69ADB61D-C5B5-4E5E-82D6-8AFD9216D28E}.Release|Any CPU.Build.0 = Release|Any CPU
		{6D4EB5C2-1427-4BBD-8679-F1D01F3675F9}.Debug|Any CPU.ActiveCfg = Debug|Any CPU
		{6D4EB5C2-1427-4BBD-8679-F1D01F3675F9}.Debug|Any CPU.Build.0 = Debug|Any CPU
		{6D4EB5C2-1427-4BBD-8679-F1D01F3675F9}.Release|Any CPU.ActiveCfg = Release|Any CPU
		{6D4EB5C2-1427-4BBD-8679-F1D01F3675F9}.Release|Any CPU.Build.0 = Release|Any CPU
		{2D9F99FD-93EE-4D9E-8EC9-718E6C67595E}.Debug|Any CPU.ActiveCfg = Debug|Any CPU
		{2D9F99FD-93EE-4D9E-8EC9-718E6C67595E}.Debug|Any CPU.Build.0 = Debug|Any CPU
		{2D9F99FD-93EE-4D9E-8EC9-718E6C67595E}.Release|Any CPU.ActiveCfg = Release|Any CPU
		{2D9F99FD-93EE-4D9E-8EC9-718E6C67595E}.Release|Any CPU.Build.0 = Release|Any CPU
		{2C86EC33-C71F-4369-940D-F9FDB69EB165}.Debug|Any CPU.ActiveCfg = Debug|Any CPU
		{2C86EC33-C71F-4369-940D-F9FDB69EB165}.Debug|Any CPU.Build.0 = Debug|Any CPU
		{2C86EC33-C71F-4369-940D-F9FDB69EB165}.Release|Any CPU.ActiveCfg = Release|Any CPU
		{2C86EC33-C71F-4369-940D-F9FDB69EB165}.Release|Any CPU.Build.0 = Release|Any CPU
		{195EAE48-23A4-47CD-84F8-6FDC61FAA236}.Debug|Any CPU.ActiveCfg = Debug|Any CPU
		{195EAE48-23A4-47CD-84F8-6FDC61FAA236}.Debug|Any CPU.Build.0 = Debug|Any CPU
		{195EAE48-23A4-47CD-84F8-6FDC61FAA236}.Release|Any CPU.ActiveCfg = Release|Any CPU
		{195EAE48-23A4-47CD-84F8-6FDC61FAA236}.Release|Any CPU.Build.0 = Release|Any CPU
		{0A52123E-EFA1-4A86-8223-FB7B807C162A}.Debug|Any CPU.ActiveCfg = Debug|Any CPU
		{0A52123E-EFA1-4A86-8223-FB7B807C162A}.Debug|Any CPU.Build.0 = Debug|Any CPU
		{0A52123E-EFA1-4A86-8223-FB7B807C162A}.Release|Any CPU.ActiveCfg = Release|Any CPU
		{0A52123E-EFA1-4A86-8223-FB7B807C162A}.Release|Any CPU.Build.0 = Release|Any CPU
		{A528808D-F58D-4132-9D79-13C23341FE52}.Debug|Any CPU.ActiveCfg = Debug|Any CPU
		{A528808D-F58D-4132-9D79-13C23341FE52}.Debug|Any CPU.Build.0 = Debug|Any CPU
		{A528808D-F58D-4132-9D79-13C23341FE52}.Release|Any CPU.ActiveCfg = Release|Any CPU
		{A528808D-F58D-4132-9D79-13C23341FE52}.Release|Any CPU.Build.0 = Release|Any CPU
		{099981E0-206B-4E1E-A806-87761B1D238D}.Debug|Any CPU.ActiveCfg = Debug|Any CPU
		{099981E0-206B-4E1E-A806-87761B1D238D}.Debug|Any CPU.Build.0 = Debug|Any CPU
		{099981E0-206B-4E1E-A806-87761B1D238D}.Release|Any CPU.ActiveCfg = Release|Any CPU
		{099981E0-206B-4E1E-A806-87761B1D238D}.Release|Any CPU.Build.0 = Release|Any CPU
		{8E35D7B2-7901-4A74-8A1A-0C836D1F8E03}.Debug|Any CPU.ActiveCfg = Debug|Any CPU
		{8E35D7B2-7901-4A74-8A1A-0C836D1F8E03}.Debug|Any CPU.Build.0 = Debug|Any CPU
		{8E35D7B2-7901-4A74-8A1A-0C836D1F8E03}.Release|Any CPU.ActiveCfg = Release|Any CPU
		{8E35D7B2-7901-4A74-8A1A-0C836D1F8E03}.Release|Any CPU.Build.0 = Release|Any CPU
		{AC122D65-34DB-4577-BEDF-07A4736DD6B7}.Debug|Any CPU.ActiveCfg = Debug|Any CPU
		{AC122D65-34DB-4577-BEDF-07A4736DD6B7}.Debug|Any CPU.Build.0 = Debug|Any CPU
		{AC122D65-34DB-4577-BEDF-07A4736DD6B7}.Release|Any CPU.ActiveCfg = Release|Any CPU
		{AC122D65-34DB-4577-BEDF-07A4736DD6B7}.Release|Any CPU.Build.0 = Release|Any CPU
		{A7EBA919-81B2-49A0-8381-EF3656145289}.Debug|Any CPU.ActiveCfg = Debug|Any CPU
		{A7EBA919-81B2-49A0-8381-EF3656145289}.Debug|Any CPU.Build.0 = Debug|Any CPU
		{A7EBA919-81B2-49A0-8381-EF3656145289}.Release|Any CPU.ActiveCfg = Release|Any CPU
		{A7EBA919-81B2-49A0-8381-EF3656145289}.Release|Any CPU.Build.0 = Release|Any CPU
		{C63BA0DC-D1FC-4F61-BBB8-BFA1FE34D854}.Debug|Any CPU.ActiveCfg = Debug|Any CPU
		{C63BA0DC-D1FC-4F61-BBB8-BFA1FE34D854}.Debug|Any CPU.Build.0 = Debug|Any CPU
		{C63BA0DC-D1FC-4F61-BBB8-BFA1FE34D854}.Release|Any CPU.ActiveCfg = Release|Any CPU
		{C63BA0DC-D1FC-4F61-BBB8-BFA1FE34D854}.Release|Any CPU.Build.0 = Release|Any CPU
		{0C80B5C4-C509-4A14-93A0-6C2835F55B17}.Debug|Any CPU.ActiveCfg = Debug|Any CPU
		{0C80B5C4-C509-4A14-93A0-6C2835F55B17}.Debug|Any CPU.Build.0 = Debug|Any CPU
		{0C80B5C4-C509-4A14-93A0-6C2835F55B17}.Release|Any CPU.ActiveCfg = Release|Any CPU
		{0C80B5C4-C509-4A14-93A0-6C2835F55B17}.Release|Any CPU.Build.0 = Release|Any CPU
		{AAD0995C-4ADD-47C7-97EC-F60C47327C87}.Debug|Any CPU.ActiveCfg = Debug|Any CPU
		{AAD0995C-4ADD-47C7-97EC-F60C47327C87}.Debug|Any CPU.Build.0 = Debug|Any CPU
		{AAD0995C-4ADD-47C7-97EC-F60C47327C87}.Release|Any CPU.ActiveCfg = Release|Any CPU
		{AAD0995C-4ADD-47C7-97EC-F60C47327C87}.Release|Any CPU.Build.0 = Release|Any CPU
		{A17FC00D-EED4-4C6C-A84D-CCB1C39C4CB6}.Debug|Any CPU.ActiveCfg = Debug|Any CPU
		{A17FC00D-EED4-4C6C-A84D-CCB1C39C4CB6}.Debug|Any CPU.Build.0 = Debug|Any CPU
		{A17FC00D-EED4-4C6C-A84D-CCB1C39C4CB6}.Release|Any CPU.ActiveCfg = Release|Any CPU
		{A17FC00D-EED4-4C6C-A84D-CCB1C39C4CB6}.Release|Any CPU.Build.0 = Release|Any CPU
		{4B107EB9-B8A3-45C2-A435-BC57E663FCD8}.Debug|Any CPU.ActiveCfg = Debug|Any CPU
		{4B107EB9-B8A3-45C2-A435-BC57E663FCD8}.Debug|Any CPU.Build.0 = Debug|Any CPU
		{4B107EB9-B8A3-45C2-A435-BC57E663FCD8}.Release|Any CPU.ActiveCfg = Release|Any CPU
		{4B107EB9-B8A3-45C2-A435-BC57E663FCD8}.Release|Any CPU.Build.0 = Release|Any CPU
		{B1A6291D-DA1A-4F85-9843-E814E5602928}.Debug|Any CPU.ActiveCfg = Debug|Any CPU
		{B1A6291D-DA1A-4F85-9843-E814E5602928}.Debug|Any CPU.Build.0 = Debug|Any CPU
		{B1A6291D-DA1A-4F85-9843-E814E5602928}.Release|Any CPU.ActiveCfg = Release|Any CPU
		{B1A6291D-DA1A-4F85-9843-E814E5602928}.Release|Any CPU.Build.0 = Release|Any CPU
		{86D72245-262C-45FE-B81F-937B23C29B6F}.Debug|Any CPU.ActiveCfg = Debug|Any CPU
		{86D72245-262C-45FE-B81F-937B23C29B6F}.Debug|Any CPU.Build.0 = Debug|Any CPU
		{86D72245-262C-45FE-B81F-937B23C29B6F}.Release|Any CPU.ActiveCfg = Release|Any CPU
		{86D72245-262C-45FE-B81F-937B23C29B6F}.Release|Any CPU.Build.0 = Release|Any CPU
		{375D70B8-EEE0-4455-AE7C-897CD57B18EA}.Debug|Any CPU.ActiveCfg = Debug|Any CPU
		{375D70B8-EEE0-4455-AE7C-897CD57B18EA}.Debug|Any CPU.Build.0 = Debug|Any CPU
		{375D70B8-EEE0-4455-AE7C-897CD57B18EA}.Release|Any CPU.ActiveCfg = Release|Any CPU
		{375D70B8-EEE0-4455-AE7C-897CD57B18EA}.Release|Any CPU.Build.0 = Release|Any CPU
		{BFEBD22B-7789-43A8-A1EA-550C316C29FD}.Debug|Any CPU.ActiveCfg = Debug|Any CPU
		{BFEBD22B-7789-43A8-A1EA-550C316C29FD}.Debug|Any CPU.Build.0 = Debug|Any CPU
		{BFEBD22B-7789-43A8-A1EA-550C316C29FD}.Debug|Any CPU.Deploy.0 = Debug|Any CPU
		{BFEBD22B-7789-43A8-A1EA-550C316C29FD}.Release|Any CPU.ActiveCfg = Release|Any CPU
		{BFEBD22B-7789-43A8-A1EA-550C316C29FD}.Release|Any CPU.Build.0 = Release|Any CPU
		{BFEBD22B-7789-43A8-A1EA-550C316C29FD}.Release|Any CPU.Deploy.0 = Release|Any CPU
		{19BC2D12-6E14-4A15-9F33-5C6DC92BDEAF}.Debug|Any CPU.ActiveCfg = Debug|Any CPU
		{19BC2D12-6E14-4A15-9F33-5C6DC92BDEAF}.Debug|Any CPU.Build.0 = Debug|Any CPU
		{19BC2D12-6E14-4A15-9F33-5C6DC92BDEAF}.Release|Any CPU.ActiveCfg = Release|Any CPU
		{19BC2D12-6E14-4A15-9F33-5C6DC92BDEAF}.Release|Any CPU.Build.0 = Release|Any CPU
		{30E0136E-DAB4-4738-87C4-C4CCCCB30DD8}.Debug|Any CPU.ActiveCfg = Debug|Any CPU
		{30E0136E-DAB4-4738-87C4-C4CCCCB30DD8}.Debug|Any CPU.Build.0 = Debug|Any CPU
		{30E0136E-DAB4-4738-87C4-C4CCCCB30DD8}.Release|Any CPU.ActiveCfg = Release|Any CPU
		{30E0136E-DAB4-4738-87C4-C4CCCCB30DD8}.Release|Any CPU.Build.0 = Release|Any CPU
		{233375B6-7250-41EE-B6E9-440995405539}.Debug|Any CPU.ActiveCfg = Debug|Any CPU
		{233375B6-7250-41EE-B6E9-440995405539}.Debug|Any CPU.Build.0 = Debug|Any CPU
		{233375B6-7250-41EE-B6E9-440995405539}.Release|Any CPU.ActiveCfg = Release|Any CPU
		{233375B6-7250-41EE-B6E9-440995405539}.Release|Any CPU.Build.0 = Release|Any CPU
		{FEA4CBD7-276A-430B-A6D2-33DF330B96D4}.Debug|Any CPU.ActiveCfg = Debug|Any CPU
		{FEA4CBD7-276A-430B-A6D2-33DF330B96D4}.Debug|Any CPU.Build.0 = Debug|Any CPU
		{FEA4CBD7-276A-430B-A6D2-33DF330B96D4}.Release|Any CPU.ActiveCfg = Release|Any CPU
		{FEA4CBD7-276A-430B-A6D2-33DF330B96D4}.Release|Any CPU.Build.0 = Release|Any CPU
		{271BC86C-25D9-434A-A90E-6E296A48CD73}.Debug|Any CPU.ActiveCfg = Debug|Any CPU
		{271BC86C-25D9-434A-A90E-6E296A48CD73}.Debug|Any CPU.Build.0 = Debug|Any CPU
		{271BC86C-25D9-434A-A90E-6E296A48CD73}.Release|Any CPU.ActiveCfg = Release|Any CPU
		{271BC86C-25D9-434A-A90E-6E296A48CD73}.Release|Any CPU.Build.0 = Release|Any CPU
	EndGlobalSection
	GlobalSection(SolutionProperties) = preSolution
		HideSolutionNode = FALSE
	EndGlobalSection
	GlobalSection(ExtensibilityGlobals) = postSolution
		SolutionGuid = {5692BF08-52C2-4A45-9DA9-F6B390321257}
	EndGlobalSection
	GlobalSection(SharedMSBuildProjectFiles) = preSolution
		Ultraviolet.Tests.Content\Ultraviolet.Tests.Content.projitems*{0e2b1bc3-d1c3-4626-8aa3-37bf3039e43f}*SharedItemsImports = 13
		Ultraviolet.Tests.Content\Ultraviolet.Tests.Content.projitems*{375d70b8-eee0-4455-ae7c-897cd57b18ea}*SharedItemsImports = 5
		Ultraviolet.Tests.Content\Ultraviolet.Tests.Content.projitems*{86d72245-262c-45fe-b81f-937b23c29b6f}*SharedItemsImports = 5
	EndGlobalSection
	GlobalSection(Performance) = preSolution
		HasPerformanceSessions = true
	EndGlobalSection
	GlobalSection(MonoDevelopProperties) = preSolution
		Policies = $0
		$0.TextStylePolicy = $1
		$1.FileWidth = 120
		$1.EolMarker = Windows
		$1.inheritsSet = VisualStudio
		$1.inheritsScope = text/plain
		$1.scope = text/x-csharp
		$0.CSharpFormattingPolicy = $2
		$2.AnonymousMethodBraceStyle = NextLine
		$2.PropertyBraceStyle = NextLine
		$2.PropertyGetBraceStyle = NextLine
		$2.PropertySetBraceStyle = NextLine
		$2.EventBraceStyle = NextLine
		$2.EventAddBraceStyle = NextLine
		$2.EventRemoveBraceStyle = NextLine
		$2.StatementBraceStyle = NextLine
		$2.BeforeMethodDeclarationParentheses = False
		$2.BeforeMethodCallParentheses = False
		$2.BeforeConstructorDeclarationParentheses = False
		$2.BeforeIndexerDeclarationBracket = False
		$2.BeforeDelegateDeclarationParentheses = False
		$2.AfterDelegateDeclarationParameterComma = True
		$2.NewParentheses = False
		$2.SpacesBeforeBrackets = False
		$2.inheritsSet = Mono
		$2.inheritsScope = text/x-csharp
		$2.scope = text/x-csharp
		StartupItem = UvDebug\Desktop\UvDebug.Desktop.csproj
	EndGlobalSection
EndGlobal
