
Microsoft Visual Studio Solution File, Format Version 12.00
# Visual Studio Version 16
VisualStudioVersion = 16.0.29613.14
MinimumVisualStudioVersion = 10.0.40219.1
Project("{D954291E-2A0B-460D-934E-DC6B0785DB48}") = "Ultraviolet.Core", "Ultraviolet.Core\Shared\Ultraviolet.Core.shproj", "{803B586B-CBAC-4E46-A787-BDF837E1EF46}"
EndProject
Project("{9A19103F-16F7-4668-BE54-9A1E7A4F7556}") = "Ultraviolet.Core.NETStandard20", "Ultraviolet.Core\NETStandard20\Ultraviolet.Core.NETStandard20.csproj", "{6425D280-825E-4C8E-B378-6248391024EE}"
EndProject
Project("{D954291E-2A0B-460D-934E-DC6B0785DB48}") = "Ultraviolet.Core.TestFramework", "Ultraviolet.Core.TestFramework\Shared\Ultraviolet.Core.TestFramework.shproj", "{C0EF7BA7-4F67-4063-84F7-8C04E4FCC632}"
EndProject
Project("{D954291E-2A0B-460D-934E-DC6B0785DB48}") = "Ultraviolet.Core.Tests", "Ultraviolet.Core.Tests\Shared\Ultraviolet.Core.Tests.shproj", "{073BB428-13A0-4812-BAAD-A18E7326CC52}"
EndProject
Project("{D954291E-2A0B-460D-934E-DC6B0785DB48}") = "Ultraviolet.OpenGL.Bindings", "Ultraviolet.OpenGL.Bindings\Shared\Ultraviolet.OpenGL.Bindings.shproj", "{F2660B00-B04A-4301-9DFB-226DD9D0798B}"
EndProject
Project("{9A19103F-16F7-4668-BE54-9A1E7A4F7556}") = "Ultraviolet.OpenGL.Bindings.NETStandard20", "Ultraviolet.OpenGL.Bindings\NETStandard20\Ultraviolet.OpenGL.Bindings.NETStandard20.csproj", "{9A26B895-46B3-4AA5-890A-A707958CAFD2}"
EndProject
Project("{D954291E-2A0B-460D-934E-DC6B0785DB48}") = "Ultraviolet", "Ultraviolet\Shared\Ultraviolet.shproj", "{979EFFAE-5CDF-4CA8-90D0-E3DBF091DE0A}"
EndProject
Project("{9A19103F-16F7-4668-BE54-9A1E7A4F7556}") = "Ultraviolet.NETStandard20", "Ultraviolet\NETStandard20\Ultraviolet.NETStandard20.csproj", "{737D61A7-238E-40C8-89DC-46B6D6C38FD9}"
EndProject
Project("{D954291E-2A0B-460D-934E-DC6B0785DB48}") = "Ultraviolet.TestFramework", "Ultraviolet.TestFramework\Shared\Ultraviolet.TestFramework.shproj", "{D223F1A9-3445-47FE-B82F-F7AA334F0549}"
EndProject
Project("{D954291E-2A0B-460D-934E-DC6B0785DB48}") = "Ultraviolet.OpenGL", "Ultraviolet.OpenGL\Shared\Ultraviolet.OpenGL.shproj", "{F04E0C37-AFC2-4B85-90C7-9D77DCFD074C}"
EndProject
Project("{D954291E-2A0B-460D-934E-DC6B0785DB48}") = "Ultraviolet.SDL2", "Ultraviolet.SDL2\Shared\Ultraviolet.SDL2.shproj", "{97309779-3045-4D98-8DE0-5F40A8DC1C5B}"
EndProject
Project("{9A19103F-16F7-4668-BE54-9A1E7A4F7556}") = "Ultraviolet.SDL2.NETStandard20", "Ultraviolet.SDL2\NETStandard20\Ultraviolet.SDL2.NETStandard20.csproj", "{81CA3649-4502-407F-B0E8-87EF9B4B1BDF}"
EndProject
Project("{9A19103F-16F7-4668-BE54-9A1E7A4F7556}") = "Ultraviolet.OpenGL.NETStandard20", "Ultraviolet.OpenGL\NETStandard20\Ultraviolet.OpenGL.NETStandard20.csproj", "{156CD6A9-A0AA-43A5-B08D-F22424A803A7}"
EndProject
Project("{9A19103F-16F7-4668-BE54-9A1E7A4F7556}") = "Ultraviolet.Shims.NETCore2", "Ultraviolet.Shims.NETCore2\Ultraviolet.Shims.NETCore2.csproj", "{EDEF6CD7-8132-4C8C-8196-38832D4F4B9F}"
EndProject
Project("{D954291E-2A0B-460D-934E-DC6B0785DB48}") = "Ultraviolet.Tests", "Ultraviolet.Tests\Shared\Ultraviolet.Tests.shproj", "{084C6292-2DE5-4F12-A40F-6B9BDD6154F5}"
EndProject
Project("{D954291E-2A0B-460D-934E-DC6B0785DB48}") = "Ultraviolet.FreeType2", "Ultraviolet.FreeType2\Shared\Ultraviolet.FreeType2.shproj", "{9C6D1468-B7A7-4FB9-B7EF-088803A62B89}"
EndProject
Project("{9A19103F-16F7-4668-BE54-9A1E7A4F7556}") = "Ultraviolet.FreeType2.NETStandard20", "Ultraviolet.FreeType2\NETStandard20\Ultraviolet.FreeType2.NETStandard20.csproj", "{EAC832A4-C689-4A81-A8C9-91ECE9C94521}"
EndProject
Project("{D954291E-2A0B-460D-934E-DC6B0785DB48}") = "Ultraviolet.Presentation.Uvss", "Ultraviolet.Presentation.Uvss\Shared\Ultraviolet.Presentation.Uvss.shproj", "{2DEF7217-0B35-423C-9085-EC46260682C7}"
EndProject
Project("{9A19103F-16F7-4668-BE54-9A1E7A4F7556}") = "Ultraviolet.Presentation.Uvss.NETStandard20", "Ultraviolet.Presentation.Uvss\NETStandard20\Ultraviolet.Presentation.Uvss.NETStandard20.csproj", "{9CCB4AFE-E0AF-4051-B4D2-D2885A7F1DB8}"
EndProject
Project("{D954291E-2A0B-460D-934E-DC6B0785DB48}") = "Ultraviolet.Presentation", "Ultraviolet.Presentation\Shared\Ultraviolet.Presentation.shproj", "{4E921721-BE4A-4F69-BEE4-61E8A18E0774}"
EndProject
Project("{9A19103F-16F7-4668-BE54-9A1E7A4F7556}") = "Ultraviolet.Presentation.NETStandard20", "Ultraviolet.Presentation\NETStandard20\Ultraviolet.Presentation.NETStandard20.csproj", "{B148FE6C-3D5A-4EFB-8A93-63ADB3152CF7}"
EndProject
Project("{D954291E-2A0B-460D-934E-DC6B0785DB48}") = "Ultraviolet.BASS", "Ultraviolet.BASS\Shared\Ultraviolet.BASS.shproj", "{62E8C883-B858-4FCC-82EC-C313FEFBAD34}"
EndProject
Project("{9A19103F-16F7-4668-BE54-9A1E7A4F7556}") = "Ultraviolet.BASS.NETStandard20", "Ultraviolet.BASS\NETStandard20\Ultraviolet.BASS.NETStandard20.csproj", "{2FEB822E-A465-483C-B14C-1CE2F27A2181}"
EndProject
Project("{D954291E-2A0B-460D-934E-DC6B0785DB48}") = "Ultraviolet.Presentation.Compiler", "Ultraviolet.Presentation.Compiler\Shared\Ultraviolet.Presentation.Compiler.shproj", "{D27AB499-F06F-47EA-8645-285CF2315EC2}"
EndProject
Project("{9A19103F-16F7-4668-BE54-9A1E7A4F7556}") = "Ultraviolet.Presentation.Compiler.NETStandard20", "Ultraviolet.Presentation.Compiler\NETStandard20\Ultraviolet.Presentation.Compiler.NETStandard20.csproj", "{54C6341B-FF25-4E8E-B8ED-BBE9503FF2BF}"
EndProject
Project("{D954291E-2A0B-460D-934E-DC6B0785DB48}") = "Ultraviolet.Presentation.Uvss.TestFramework", "Ultraviolet.Presentation.Uvss.TestFramework\Shared\Ultraviolet.Presentation.Uvss.TestFramework.shproj", "{75265EF0-DD07-4895-8C6B-18593A370B04}"
EndProject
Project("{D954291E-2A0B-460D-934E-DC6B0785DB48}") = "Ultraviolet.Presentation.Uvss.Tests", "Ultraviolet.Presentation.Uvss.Tests\Shared\Ultraviolet.Presentation.Uvss.Tests.shproj", "{7122E830-C550-488A-BC17-A5542FF5DD17}"
EndProject
Project("{D954291E-2A0B-460D-934E-DC6B0785DB48}") = "Ultraviolet.FMOD", "Ultraviolet.FMOD\Shared\Ultraviolet.FMOD.shproj", "{F6FE0208-9CA4-41C6-88A2-BBF5B25B3977}"
EndProject
Project("{9A19103F-16F7-4668-BE54-9A1E7A4F7556}") = "Ultraviolet.FMOD.NETStandard20", "Ultraviolet.FMOD\NETStandard20\Ultraviolet.FMOD.NETStandard20.csproj", "{1F722FBD-8E0C-4D3F-AFB5-8D8B0C8A7102}"
EndProject
Project("{D954291E-2A0B-460D-934E-DC6B0785DB48}") = "Ultraviolet.ImGuiViewProvider.Bindings", "Ultraviolet.ImGuiViewProvider.Bindings\Shared\Ultraviolet.ImGuiViewProvider.Bindings.shproj", "{11742F76-15D2-47B2-A36D-81C9F5699E81}"
EndProject
Project("{9A19103F-16F7-4668-BE54-9A1E7A4F7556}") = "Ultraviolet.ImGuiViewProvider.Bindings.NETStandard20", "Ultraviolet.ImGuiViewProvider.Bindings\NETStandard20\Ultraviolet.ImGuiViewProvider.Bindings.NETStandard20.csproj", "{D619CE8D-3B4F-415A-BA78-96B2D551A2C2}"
EndProject
Project("{D954291E-2A0B-460D-934E-DC6B0785DB48}") = "Ultraviolet.ImGuiViewProvider", "Ultraviolet.ImGuiViewProvider\Shared\Ultraviolet.ImGuiViewProvider.shproj", "{76FFE46F-869E-4BDE-8122-CEB21B7FF07F}"
EndProject
Project("{9A19103F-16F7-4668-BE54-9A1E7A4F7556}") = "Ultraviolet.ImGuiViewProvider.NETStandard20", "Ultraviolet.ImGuiViewProvider\NETStandard20\Ultraviolet.ImGuiViewProvider.NETStandard20.csproj", "{7F2E2246-C2C6-4AFB-A724-4833F417CD4A}"
EndProject
Project("{D954291E-2A0B-460D-934E-DC6B0785DB48}") = "UvDebug", "UvDebug\Shared\UvDebug.shproj", "{41B16059-BFE0-4704-8EEE-44339B3834C5}"
EndProject
Project("{9A19103F-16F7-4668-BE54-9A1E7A4F7556}") = "UvDebug.NETCore2", "UvDebug\NETCore2\UvDebug.NETCore2.csproj", "{EA7CE19E-AA6C-491B-B049-76D4D97448D9}"
EndProject
Project("{D954291E-2A0B-460D-934E-DC6B0785DB48}") = "Ultraviolet.Tooling", "Ultraviolet.Tooling\Shared\Ultraviolet.Tooling.shproj", "{C2D3AC48-2AE7-4DA8-9ED2-E591A8218B3B}"
EndProject
Project("{9A19103F-16F7-4668-BE54-9A1E7A4F7556}") = "Ultraviolet.Tooling.NETStandard20", "Ultraviolet.Tooling\NETStandard20\Ultraviolet.Tooling.NETStandard20.csproj", "{B642EA48-DB2E-4BF7-A77C-9F5A38E7856C}"
EndProject
Project("{D954291E-2A0B-460D-934E-DC6B0785DB48}") = "Ultraviolet.Presentation.Tests", "Ultraviolet.Presentation.Tests\Shared\Ultraviolet.Presentation.Tests.shproj", "{DCCF640B-A4D2-4CBD-8B28-BC6A7EB42E71}"
EndProject
Project("{D954291E-2A0B-460D-934E-DC6B0785DB48}") = "Ultraviolet.TestApplication", "Ultraviolet.TestApplication\Shared\Ultraviolet.TestApplication.shproj", "{AF8BB24E-1EF6-4585-9E6B-78EFF64AB44F}"
EndProject
Project("{9A19103F-16F7-4668-BE54-9A1E7A4F7556}") = "Ultraviolet.TestApplication.NETCore2", "Ultraviolet.TestApplication\NETCore2\Ultraviolet.TestApplication.NETCore2.csproj", "{BBED8057-8000-4325-BA75-59468CDA1F5A}"
EndProject
Project("{D954291E-2A0B-460D-934E-DC6B0785DB48}") = "Ultraviolet.Tests.Content", "Ultraviolet.Tests.Content\Ultraviolet.Tests.Content.shproj", "{0E2B1BC3-D1C3-4626-8AA3-37BF3039E43F}"
EndProject
Project("{D954291E-2A0B-460D-934E-DC6B0785DB48}") = "Ultraviolet.Presentation.Tests.ViewModels", "Ultraviolet.Presentation.Tests.ViewModels\Shared\Ultraviolet.Presentation.Tests.ViewModels.shproj", "{EFBD7CDD-29C3-4C2D-9BFA-7BF43E27A2CB}"
EndProject
Project("{9A19103F-16F7-4668-BE54-9A1E7A4F7556}") = "Ultraviolet.Presentation.Tests.ViewModels.NETStandard20", "Ultraviolet.Presentation.Tests.ViewModels\NETStandard20\Ultraviolet.Presentation.Tests.ViewModels.NETStandard20.csproj", "{94B708BC-AB3C-4DB8-A18C-AD947A114E5C}"
EndProject
Project("{9A19103F-16F7-4668-BE54-9A1E7A4F7556}") = "Ultraviolet.Core.TestFramework.NETCore2", "Ultraviolet.Core.TestFramework\NETCore2\Ultraviolet.Core.TestFramework.NETCore2.csproj", "{516133D6-5F81-40A3-9F23-38233B14FF95}"
EndProject
Project("{9A19103F-16F7-4668-BE54-9A1E7A4F7556}") = "Ultraviolet.Presentation.Uvss.TestFramework.NETCore2", "Ultraviolet.Presentation.Uvss.TestFramework\NETCore2\Ultraviolet.Presentation.Uvss.TestFramework.NETCore2.csproj", "{EEE5122A-F0CF-491F-83DD-088EB2A9EC36}"
EndProject
Project("{9A19103F-16F7-4668-BE54-9A1E7A4F7556}") = "Ultraviolet.Core.Tests.NETCore2", "Ultraviolet.Core.Tests\NETCore2\Ultraviolet.Core.Tests.NETCore2.csproj", "{C49A7F61-BEFC-4101-9722-2E1497BC643A}"
EndProject
Project("{9A19103F-16F7-4668-BE54-9A1E7A4F7556}") = "Ultraviolet.Presentation.Tests.NETCore2", "Ultraviolet.Presentation.Tests\NETCore2\Ultraviolet.Presentation.Tests.NETCore2.csproj", "{B5DE0905-5D5B-4504-A935-E372A9112B0F}"
EndProject
Project("{9A19103F-16F7-4668-BE54-9A1E7A4F7556}") = "Ultraviolet.Presentation.Uvss.Tests.NETCore2", "Ultraviolet.Presentation.Uvss.Tests\NETCore2\Ultraviolet.Presentation.Uvss.Tests.NETCore2.csproj", "{DF40E9B5-6425-4C44-A0DA-1A98C3A0A017}"
EndProject
Project("{9A19103F-16F7-4668-BE54-9A1E7A4F7556}") = "Ultraviolet.TestFramework.NETCore2", "Ultraviolet.TestFramework\NETCore2\Ultraviolet.TestFramework.NETCore2.csproj", "{647A82AF-5FE8-45C0-B75F-9ADBDC66D26A}"
EndProject
Project("{9A19103F-16F7-4668-BE54-9A1E7A4F7556}") = "Ultraviolet.Tests.NETCore2", "Ultraviolet.Tests\NETCore2\Ultraviolet.Tests.NETCore2.csproj", "{EDD2A2AD-9E01-4EAC-9725-0AE64F1F7901}"
EndProject
Global
	GlobalSection(SharedMSBuildProjectFiles) = preSolution
		Ultraviolet.Core.Tests\Shared\Ultraviolet.Core.Tests.projitems*{073bb428-13a0-4812-baad-a18e7326cc52}*SharedItemsImports = 13
		Ultraviolet.Tests\Shared\Ultraviolet.Tests.projitems*{084c6292-2de5-4f12-a40f-6b9bdd6154f5}*SharedItemsImports = 13
		Ultraviolet.Tests.Content\Ultraviolet.Tests.Content.projitems*{0e2b1bc3-d1c3-4626-8aa3-37bf3039e43f}*SharedItemsImports = 13
		Ultraviolet.ImGuiViewProvider.Bindings\Shared\Ultraviolet.ImGuiViewProvider.Bindings.projitems*{11742f76-15d2-47b2-a36d-81c9f5699e81}*SharedItemsImports = 13
		Ultraviolet.Presentation.Uvss\Shared\Ultraviolet.Presentation.Uvss.projitems*{2def7217-0b35-423c-9085-ec46260682c7}*SharedItemsImports = 13
		UvDebug\Shared\UvDebug.projitems*{41b16059-bfe0-4704-8eee-44339b3834c5}*SharedItemsImports = 13
		Ultraviolet.Presentation\Shared\Ultraviolet.Presentation.projitems*{4e921721-be4a-4f69-bee4-61e8a18e0774}*SharedItemsImports = 13
		Ultraviolet.BASS\Shared\Ultraviolet.BASS.projitems*{62e8c883-b858-4fcc-82ec-c313fefbad34}*SharedItemsImports = 13
		Ultraviolet.Presentation.Uvss.Tests\Shared\Ultraviolet.Presentation.Uvss.Tests.projitems*{7122e830-c550-488a-bc17-a5542ff5dd17}*SharedItemsImports = 13
		Ultraviolet.Presentation.Uvss.TestFramework\Shared\Ultraviolet.Presentation.Uvss.TestFramework.projitems*{75265ef0-dd07-4895-8c6b-18593a370b04}*SharedItemsImports = 13
		Ultraviolet.ImGuiViewProvider\Shared\Ultraviolet.ImGuiViewProvider.projitems*{76ffe46f-869e-4bde-8122-ceb21b7ff07f}*SharedItemsImports = 13
		Ultraviolet.Core\Shared\Ultraviolet.Core.projitems*{803b586b-cbac-4e46-a787-bdf837e1ef46}*SharedItemsImports = 13
		Ultraviolet.SDL2\Shared\Ultraviolet.SDL2.projitems*{97309779-3045-4d98-8de0-5f40a8dc1c5b}*SharedItemsImports = 13
		Ultraviolet\Shared\Ultraviolet.projitems*{979effae-5cdf-4ca8-90d0-e3dbf091de0a}*SharedItemsImports = 13
		Ultraviolet.FreeType2\Shared\Ultraviolet.FreeType2.projitems*{9c6d1468-b7a7-4fb9-b7ef-088803a62b89}*SharedItemsImports = 13
		Ultraviolet.TestApplication\Shared\Ultraviolet.TestApplication.projitems*{af8bb24e-1ef6-4585-9e6b-78eff64ab44f}*SharedItemsImports = 13
		Ultraviolet.Core.TestFramework\Shared\Ultraviolet.Core.TestFramework.projitems*{c0ef7ba7-4f67-4063-84f7-8c04e4fcc632}*SharedItemsImports = 13
		Ultraviolet.Tooling\Shared\Ultraviolet.Tooling.projitems*{c2d3ac48-2ae7-4da8-9ed2-e591a8218b3b}*SharedItemsImports = 13
		Ultraviolet.TestFramework\Shared\Ultraviolet.TestFramework.projitems*{d223f1a9-3445-47fe-b82f-f7aa334f0549}*SharedItemsImports = 13
		Ultraviolet.Presentation.Compiler\Shared\Ultraviolet.Presentation.Compiler.projitems*{d27ab499-f06f-47ea-8645-285cf2315ec2}*SharedItemsImports = 13
		Ultraviolet.Presentation.Tests\Shared\Ultraviolet.Presentation.Tests.projitems*{dccf640b-a4d2-4cbd-8b28-bc6a7eb42e71}*SharedItemsImports = 13
		Ultraviolet.Presentation.Tests.ViewModels\Shared\Ultraviolet.Presentation.Tests.ViewModels.projitems*{efbd7cdd-29c3-4c2d-9bfa-7bf43e27a2cb}*SharedItemsImports = 13
		Ultraviolet.OpenGL\Shared\Ultraviolet.OpenGL.projitems*{f04e0c37-afc2-4b85-90c7-9d77dcfd074c}*SharedItemsImports = 13
		Ultraviolet.OpenGL.Bindings\Shared\Ultraviolet.OpenGL.Bindings.projitems*{f2660b00-b04a-4301-9dfb-226dd9d0798b}*SharedItemsImports = 13
		Ultraviolet.FMOD\Shared\Ultraviolet.FMOD.projitems*{f6fe0208-9ca4-41c6-88a2-bbf5b25b3977}*SharedItemsImports = 13
	EndGlobalSection
	GlobalSection(SolutionConfigurationPlatforms) = preSolution
		Debug|Any CPU = Debug|Any CPU
		Release|Any CPU = Release|Any CPU
		Signed|Any CPU = Signed|Any CPU
	EndGlobalSection
	GlobalSection(ProjectConfigurationPlatforms) = postSolution
		{6425D280-825E-4C8E-B378-6248391024EE}.Debug|Any CPU.ActiveCfg = Debug|Any CPU
		{6425D280-825E-4C8E-B378-6248391024EE}.Debug|Any CPU.Build.0 = Debug|Any CPU
		{6425D280-825E-4C8E-B378-6248391024EE}.Release|Any CPU.ActiveCfg = Release|Any CPU
		{6425D280-825E-4C8E-B378-6248391024EE}.Release|Any CPU.Build.0 = Release|Any CPU
		{6425D280-825E-4C8E-B378-6248391024EE}.Signed|Any CPU.ActiveCfg = Release|Any CPU
		{6425D280-825E-4C8E-B378-6248391024EE}.Signed|Any CPU.Build.0 = Release|Any CPU
		{9A26B895-46B3-4AA5-890A-A707958CAFD2}.Debug|Any CPU.ActiveCfg = Debug|Any CPU
		{9A26B895-46B3-4AA5-890A-A707958CAFD2}.Debug|Any CPU.Build.0 = Debug|Any CPU
		{9A26B895-46B3-4AA5-890A-A707958CAFD2}.Release|Any CPU.ActiveCfg = Release|Any CPU
		{9A26B895-46B3-4AA5-890A-A707958CAFD2}.Release|Any CPU.Build.0 = Release|Any CPU
		{9A26B895-46B3-4AA5-890A-A707958CAFD2}.Signed|Any CPU.ActiveCfg = Release|Any CPU
		{9A26B895-46B3-4AA5-890A-A707958CAFD2}.Signed|Any CPU.Build.0 = Release|Any CPU
		{737D61A7-238E-40C8-89DC-46B6D6C38FD9}.Debug|Any CPU.ActiveCfg = Debug|Any CPU
		{737D61A7-238E-40C8-89DC-46B6D6C38FD9}.Debug|Any CPU.Build.0 = Debug|Any CPU
		{737D61A7-238E-40C8-89DC-46B6D6C38FD9}.Release|Any CPU.ActiveCfg = Release|Any CPU
		{737D61A7-238E-40C8-89DC-46B6D6C38FD9}.Release|Any CPU.Build.0 = Release|Any CPU
		{737D61A7-238E-40C8-89DC-46B6D6C38FD9}.Signed|Any CPU.ActiveCfg = Release|Any CPU
		{737D61A7-238E-40C8-89DC-46B6D6C38FD9}.Signed|Any CPU.Build.0 = Release|Any CPU
		{81CA3649-4502-407F-B0E8-87EF9B4B1BDF}.Debug|Any CPU.ActiveCfg = Debug|Any CPU
		{81CA3649-4502-407F-B0E8-87EF9B4B1BDF}.Debug|Any CPU.Build.0 = Debug|Any CPU
		{81CA3649-4502-407F-B0E8-87EF9B4B1BDF}.Release|Any CPU.ActiveCfg = Release|Any CPU
		{81CA3649-4502-407F-B0E8-87EF9B4B1BDF}.Release|Any CPU.Build.0 = Release|Any CPU
		{81CA3649-4502-407F-B0E8-87EF9B4B1BDF}.Signed|Any CPU.ActiveCfg = Release|Any CPU
		{81CA3649-4502-407F-B0E8-87EF9B4B1BDF}.Signed|Any CPU.Build.0 = Release|Any CPU
		{156CD6A9-A0AA-43A5-B08D-F22424A803A7}.Debug|Any CPU.ActiveCfg = Debug|Any CPU
		{156CD6A9-A0AA-43A5-B08D-F22424A803A7}.Debug|Any CPU.Build.0 = Debug|Any CPU
		{156CD6A9-A0AA-43A5-B08D-F22424A803A7}.Release|Any CPU.ActiveCfg = Release|Any CPU
		{156CD6A9-A0AA-43A5-B08D-F22424A803A7}.Release|Any CPU.Build.0 = Release|Any CPU
		{156CD6A9-A0AA-43A5-B08D-F22424A803A7}.Signed|Any CPU.ActiveCfg = Release|Any CPU
		{156CD6A9-A0AA-43A5-B08D-F22424A803A7}.Signed|Any CPU.Build.0 = Release|Any CPU
		{EDEF6CD7-8132-4C8C-8196-38832D4F4B9F}.Debug|Any CPU.ActiveCfg = Debug|Any CPU
		{EDEF6CD7-8132-4C8C-8196-38832D4F4B9F}.Debug|Any CPU.Build.0 = Debug|Any CPU
		{EDEF6CD7-8132-4C8C-8196-38832D4F4B9F}.Release|Any CPU.ActiveCfg = Release|Any CPU
		{EDEF6CD7-8132-4C8C-8196-38832D4F4B9F}.Release|Any CPU.Build.0 = Release|Any CPU
		{EDEF6CD7-8132-4C8C-8196-38832D4F4B9F}.Signed|Any CPU.ActiveCfg = Release|Any CPU
		{EDEF6CD7-8132-4C8C-8196-38832D4F4B9F}.Signed|Any CPU.Build.0 = Release|Any CPU
		{EAC832A4-C689-4A81-A8C9-91ECE9C94521}.Debug|Any CPU.ActiveCfg = Debug|Any CPU
		{EAC832A4-C689-4A81-A8C9-91ECE9C94521}.Debug|Any CPU.Build.0 = Debug|Any CPU
		{EAC832A4-C689-4A81-A8C9-91ECE9C94521}.Release|Any CPU.ActiveCfg = Release|Any CPU
		{EAC832A4-C689-4A81-A8C9-91ECE9C94521}.Release|Any CPU.Build.0 = Release|Any CPU
		{EAC832A4-C689-4A81-A8C9-91ECE9C94521}.Signed|Any CPU.ActiveCfg = Release|Any CPU
		{EAC832A4-C689-4A81-A8C9-91ECE9C94521}.Signed|Any CPU.Build.0 = Release|Any CPU
		{9CCB4AFE-E0AF-4051-B4D2-D2885A7F1DB8}.Debug|Any CPU.ActiveCfg = Debug|Any CPU
		{9CCB4AFE-E0AF-4051-B4D2-D2885A7F1DB8}.Debug|Any CPU.Build.0 = Debug|Any CPU
		{9CCB4AFE-E0AF-4051-B4D2-D2885A7F1DB8}.Release|Any CPU.ActiveCfg = Release|Any CPU
		{9CCB4AFE-E0AF-4051-B4D2-D2885A7F1DB8}.Release|Any CPU.Build.0 = Release|Any CPU
		{9CCB4AFE-E0AF-4051-B4D2-D2885A7F1DB8}.Signed|Any CPU.ActiveCfg = Release|Any CPU
		{9CCB4AFE-E0AF-4051-B4D2-D2885A7F1DB8}.Signed|Any CPU.Build.0 = Release|Any CPU
		{B148FE6C-3D5A-4EFB-8A93-63ADB3152CF7}.Debug|Any CPU.ActiveCfg = Debug|Any CPU
		{B148FE6C-3D5A-4EFB-8A93-63ADB3152CF7}.Debug|Any CPU.Build.0 = Debug|Any CPU
		{B148FE6C-3D5A-4EFB-8A93-63ADB3152CF7}.Release|Any CPU.ActiveCfg = Release|Any CPU
		{B148FE6C-3D5A-4EFB-8A93-63ADB3152CF7}.Release|Any CPU.Build.0 = Release|Any CPU
		{B148FE6C-3D5A-4EFB-8A93-63ADB3152CF7}.Signed|Any CPU.ActiveCfg = Release|Any CPU
		{B148FE6C-3D5A-4EFB-8A93-63ADB3152CF7}.Signed|Any CPU.Build.0 = Release|Any CPU
		{2FEB822E-A465-483C-B14C-1CE2F27A2181}.Debug|Any CPU.ActiveCfg = Debug|Any CPU
		{2FEB822E-A465-483C-B14C-1CE2F27A2181}.Debug|Any CPU.Build.0 = Debug|Any CPU
		{2FEB822E-A465-483C-B14C-1CE2F27A2181}.Release|Any CPU.ActiveCfg = Release|Any CPU
		{2FEB822E-A465-483C-B14C-1CE2F27A2181}.Release|Any CPU.Build.0 = Release|Any CPU
		{2FEB822E-A465-483C-B14C-1CE2F27A2181}.Signed|Any CPU.ActiveCfg = Release|Any CPU
		{2FEB822E-A465-483C-B14C-1CE2F27A2181}.Signed|Any CPU.Build.0 = Release|Any CPU
		{54C6341B-FF25-4E8E-B8ED-BBE9503FF2BF}.Debug|Any CPU.ActiveCfg = Debug|Any CPU
		{54C6341B-FF25-4E8E-B8ED-BBE9503FF2BF}.Debug|Any CPU.Build.0 = Debug|Any CPU
		{54C6341B-FF25-4E8E-B8ED-BBE9503FF2BF}.Release|Any CPU.ActiveCfg = Release|Any CPU
		{54C6341B-FF25-4E8E-B8ED-BBE9503FF2BF}.Release|Any CPU.Build.0 = Release|Any CPU
		{54C6341B-FF25-4E8E-B8ED-BBE9503FF2BF}.Signed|Any CPU.ActiveCfg = Release|Any CPU
		{54C6341B-FF25-4E8E-B8ED-BBE9503FF2BF}.Signed|Any CPU.Build.0 = Release|Any CPU
		{1F722FBD-8E0C-4D3F-AFB5-8D8B0C8A7102}.Debug|Any CPU.ActiveCfg = Debug|Any CPU
		{1F722FBD-8E0C-4D3F-AFB5-8D8B0C8A7102}.Debug|Any CPU.Build.0 = Debug|Any CPU
		{1F722FBD-8E0C-4D3F-AFB5-8D8B0C8A7102}.Release|Any CPU.ActiveCfg = Release|Any CPU
		{1F722FBD-8E0C-4D3F-AFB5-8D8B0C8A7102}.Release|Any CPU.Build.0 = Release|Any CPU
		{1F722FBD-8E0C-4D3F-AFB5-8D8B0C8A7102}.Signed|Any CPU.ActiveCfg = Release|Any CPU
		{1F722FBD-8E0C-4D3F-AFB5-8D8B0C8A7102}.Signed|Any CPU.Build.0 = Release|Any CPU
		{D619CE8D-3B4F-415A-BA78-96B2D551A2C2}.Debug|Any CPU.ActiveCfg = Debug|Any CPU
		{D619CE8D-3B4F-415A-BA78-96B2D551A2C2}.Debug|Any CPU.Build.0 = Debug|Any CPU
		{D619CE8D-3B4F-415A-BA78-96B2D551A2C2}.Release|Any CPU.ActiveCfg = Release|Any CPU
		{D619CE8D-3B4F-415A-BA78-96B2D551A2C2}.Release|Any CPU.Build.0 = Release|Any CPU
		{D619CE8D-3B4F-415A-BA78-96B2D551A2C2}.Signed|Any CPU.ActiveCfg = Release|Any CPU
		{D619CE8D-3B4F-415A-BA78-96B2D551A2C2}.Signed|Any CPU.Build.0 = Release|Any CPU
		{7F2E2246-C2C6-4AFB-A724-4833F417CD4A}.Debug|Any CPU.ActiveCfg = Debug|Any CPU
		{7F2E2246-C2C6-4AFB-A724-4833F417CD4A}.Debug|Any CPU.Build.0 = Debug|Any CPU
		{7F2E2246-C2C6-4AFB-A724-4833F417CD4A}.Release|Any CPU.ActiveCfg = Release|Any CPU
		{7F2E2246-C2C6-4AFB-A724-4833F417CD4A}.Release|Any CPU.Build.0 = Release|Any CPU
		{7F2E2246-C2C6-4AFB-A724-4833F417CD4A}.Signed|Any CPU.ActiveCfg = Release|Any CPU
		{7F2E2246-C2C6-4AFB-A724-4833F417CD4A}.Signed|Any CPU.Build.0 = Release|Any CPU
		{EA7CE19E-AA6C-491B-B049-76D4D97448D9}.Debug|Any CPU.ActiveCfg = Debug|Any CPU
		{EA7CE19E-AA6C-491B-B049-76D4D97448D9}.Debug|Any CPU.Build.0 = Debug|Any CPU
		{EA7CE19E-AA6C-491B-B049-76D4D97448D9}.Release|Any CPU.ActiveCfg = Release|Any CPU
		{EA7CE19E-AA6C-491B-B049-76D4D97448D9}.Release|Any CPU.Build.0 = Release|Any CPU
		{EA7CE19E-AA6C-491B-B049-76D4D97448D9}.Signed|Any CPU.ActiveCfg = Release|Any CPU
		{EA7CE19E-AA6C-491B-B049-76D4D97448D9}.Signed|Any CPU.Build.0 = Release|Any CPU
		{B642EA48-DB2E-4BF7-A77C-9F5A38E7856C}.Debug|Any CPU.ActiveCfg = Debug|Any CPU
		{B642EA48-DB2E-4BF7-A77C-9F5A38E7856C}.Debug|Any CPU.Build.0 = Debug|Any CPU
		{B642EA48-DB2E-4BF7-A77C-9F5A38E7856C}.Release|Any CPU.ActiveCfg = Release|Any CPU
		{B642EA48-DB2E-4BF7-A77C-9F5A38E7856C}.Release|Any CPU.Build.0 = Release|Any CPU
		{B642EA48-DB2E-4BF7-A77C-9F5A38E7856C}.Signed|Any CPU.ActiveCfg = Debug|Any CPU
		{B642EA48-DB2E-4BF7-A77C-9F5A38E7856C}.Signed|Any CPU.Build.0 = Debug|Any CPU
		{BBED8057-8000-4325-BA75-59468CDA1F5A}.Debug|Any CPU.ActiveCfg = Debug|Any CPU
		{BBED8057-8000-4325-BA75-59468CDA1F5A}.Debug|Any CPU.Build.0 = Debug|Any CPU
		{BBED8057-8000-4325-BA75-59468CDA1F5A}.Release|Any CPU.ActiveCfg = Release|Any CPU
		{BBED8057-8000-4325-BA75-59468CDA1F5A}.Release|Any CPU.Build.0 = Release|Any CPU
		{BBED8057-8000-4325-BA75-59468CDA1F5A}.Signed|Any CPU.ActiveCfg = Debug|Any CPU
		{BBED8057-8000-4325-BA75-59468CDA1F5A}.Signed|Any CPU.Build.0 = Debug|Any CPU
		{94B708BC-AB3C-4DB8-A18C-AD947A114E5C}.Debug|Any CPU.ActiveCfg = Debug|Any CPU
		{94B708BC-AB3C-4DB8-A18C-AD947A114E5C}.Debug|Any CPU.Build.0 = Debug|Any CPU
		{94B708BC-AB3C-4DB8-A18C-AD947A114E5C}.Release|Any CPU.ActiveCfg = Release|Any CPU
		{94B708BC-AB3C-4DB8-A18C-AD947A114E5C}.Release|Any CPU.Build.0 = Release|Any CPU
		{94B708BC-AB3C-4DB8-A18C-AD947A114E5C}.Signed|Any CPU.ActiveCfg = Debug|Any CPU
		{94B708BC-AB3C-4DB8-A18C-AD947A114E5C}.Signed|Any CPU.Build.0 = Debug|Any CPU
		{516133D6-5F81-40A3-9F23-38233B14FF95}.Debug|Any CPU.ActiveCfg = Debug|Any CPU
		{516133D6-5F81-40A3-9F23-38233B14FF95}.Debug|Any CPU.Build.0 = Debug|Any CPU
		{516133D6-5F81-40A3-9F23-38233B14FF95}.Release|Any CPU.ActiveCfg = Release|Any CPU
		{516133D6-5F81-40A3-9F23-38233B14FF95}.Release|Any CPU.Build.0 = Release|Any CPU
		{516133D6-5F81-40A3-9F23-38233B14FF95}.Signed|Any CPU.ActiveCfg = Debug|Any CPU
		{516133D6-5F81-40A3-9F23-38233B14FF95}.Signed|Any CPU.Build.0 = Debug|Any CPU
		{EEE5122A-F0CF-491F-83DD-088EB2A9EC36}.Debug|Any CPU.ActiveCfg = Debug|Any CPU
		{EEE5122A-F0CF-491F-83DD-088EB2A9EC36}.Debug|Any CPU.Build.0 = Debug|Any CPU
		{EEE5122A-F0CF-491F-83DD-088EB2A9EC36}.Release|Any CPU.ActiveCfg = Release|Any CPU
		{EEE5122A-F0CF-491F-83DD-088EB2A9EC36}.Release|Any CPU.Build.0 = Release|Any CPU
		{EEE5122A-F0CF-491F-83DD-088EB2A9EC36}.Signed|Any CPU.ActiveCfg = Debug|Any CPU
		{EEE5122A-F0CF-491F-83DD-088EB2A9EC36}.Signed|Any CPU.Build.0 = Debug|Any CPU
		{C49A7F61-BEFC-4101-9722-2E1497BC643A}.Debug|Any CPU.ActiveCfg = Debug|Any CPU
		{C49A7F61-BEFC-4101-9722-2E1497BC643A}.Debug|Any CPU.Build.0 = Debug|Any CPU
		{C49A7F61-BEFC-4101-9722-2E1497BC643A}.Release|Any CPU.ActiveCfg = Release|Any CPU
		{C49A7F61-BEFC-4101-9722-2E1497BC643A}.Release|Any CPU.Build.0 = Release|Any CPU
		{C49A7F61-BEFC-4101-9722-2E1497BC643A}.Signed|Any CPU.ActiveCfg = Debug|Any CPU
		{C49A7F61-BEFC-4101-9722-2E1497BC643A}.Signed|Any CPU.Build.0 = Debug|Any CPU
		{B5DE0905-5D5B-4504-A935-E372A9112B0F}.Debug|Any CPU.ActiveCfg = Debug|Any CPU
		{B5DE0905-5D5B-4504-A935-E372A9112B0F}.Debug|Any CPU.Build.0 = Debug|Any CPU
		{B5DE0905-5D5B-4504-A935-E372A9112B0F}.Release|Any CPU.ActiveCfg = Release|Any CPU
		{B5DE0905-5D5B-4504-A935-E372A9112B0F}.Release|Any CPU.Build.0 = Release|Any CPU
		{B5DE0905-5D5B-4504-A935-E372A9112B0F}.Signed|Any CPU.ActiveCfg = Debug|Any CPU
		{B5DE0905-5D5B-4504-A935-E372A9112B0F}.Signed|Any CPU.Build.0 = Debug|Any CPU
		{DF40E9B5-6425-4C44-A0DA-1A98C3A0A017}.Debug|Any CPU.ActiveCfg = Debug|Any CPU
		{DF40E9B5-6425-4C44-A0DA-1A98C3A0A017}.Debug|Any CPU.Build.0 = Debug|Any CPU
		{DF40E9B5-6425-4C44-A0DA-1A98C3A0A017}.Release|Any CPU.ActiveCfg = Release|Any CPU
		{DF40E9B5-6425-4C44-A0DA-1A98C3A0A017}.Release|Any CPU.Build.0 = Release|Any CPU
		{DF40E9B5-6425-4C44-A0DA-1A98C3A0A017}.Signed|Any CPU.ActiveCfg = Debug|Any CPU
		{DF40E9B5-6425-4C44-A0DA-1A98C3A0A017}.Signed|Any CPU.Build.0 = Debug|Any CPU
		{647A82AF-5FE8-45C0-B75F-9ADBDC66D26A}.Debug|Any CPU.ActiveCfg = Debug|Any CPU
		{647A82AF-5FE8-45C0-B75F-9ADBDC66D26A}.Debug|Any CPU.Build.0 = Debug|Any CPU
		{647A82AF-5FE8-45C0-B75F-9ADBDC66D26A}.Release|Any CPU.ActiveCfg = Release|Any CPU
		{647A82AF-5FE8-45C0-B75F-9ADBDC66D26A}.Release|Any CPU.Build.0 = Release|Any CPU
		{647A82AF-5FE8-45C0-B75F-9ADBDC66D26A}.Signed|Any CPU.ActiveCfg = Debug|Any CPU
		{647A82AF-5FE8-45C0-B75F-9ADBDC66D26A}.Signed|Any CPU.Build.0 = Debug|Any CPU
		{EDD2A2AD-9E01-4EAC-9725-0AE64F1F7901}.Debug|Any CPU.ActiveCfg = Debug|Any CPU
		{EDD2A2AD-9E01-4EAC-9725-0AE64F1F7901}.Debug|Any CPU.Build.0 = Debug|Any CPU
		{EDD2A2AD-9E01-4EAC-9725-0AE64F1F7901}.Release|Any CPU.ActiveCfg = Release|Any CPU
		{EDD2A2AD-9E01-4EAC-9725-0AE64F1F7901}.Release|Any CPU.Build.0 = Release|Any CPU
		{EDD2A2AD-9E01-4EAC-9725-0AE64F1F7901}.Signed|Any CPU.ActiveCfg = Debug|Any CPU
		{EDD2A2AD-9E01-4EAC-9725-0AE64F1F7901}.Signed|Any CPU.Build.0 = Debug|Any CPU
	EndGlobalSection
	GlobalSection(SolutionProperties) = preSolution
		HideSolutionNode = FALSE
	EndGlobalSection
	GlobalSection(ExtensibilityGlobals) = postSolution
		SolutionGuid = {5692BF08-52C2-4A45-9DA9-F6B390321257}
	EndGlobalSection
	GlobalSection(Performance) = preSolution
		HasPerformanceSessions = true
	EndGlobalSection
	GlobalSection(MonoDevelopProperties) = preSolution
		Policies = $0
		$0.TextStylePolicy = $1
		$1.FileWidth = 120
		$1.EolMarker = Windows
		$1.inheritsSet = VisualStudio
		$1.inheritsScope = text/plain
		$1.scope = text/x-csharp
		$0.CSharpFormattingPolicy = $2
		$2.AnonymousMethodBraceStyle = NextLine
		$2.PropertyBraceStyle = NextLine
		$2.PropertyGetBraceStyle = NextLine
		$2.PropertySetBraceStyle = NextLine
		$2.EventBraceStyle = NextLine
		$2.EventAddBraceStyle = NextLine
		$2.EventRemoveBraceStyle = NextLine
		$2.StatementBraceStyle = NextLine
		$2.BeforeMethodDeclarationParentheses = False
		$2.BeforeMethodCallParentheses = False
		$2.BeforeConstructorDeclarationParentheses = False
		$2.BeforeIndexerDeclarationBracket = False
		$2.BeforeDelegateDeclarationParentheses = False
		$2.AfterDelegateDeclarationParameterComma = True
		$2.NewParentheses = False
		$2.SpacesBeforeBrackets = False
		$2.inheritsSet = Mono
		$2.inheritsScope = text/x-csharp
		$2.scope = text/x-csharp
		StartupItem = UvDebug\Desktop\UvDebug.Desktop.csproj
	EndGlobalSection
EndGlobal
