
Microsoft Visual Studio Solution File, Format Version 12.00
# Visual Studio Version 16
VisualStudioVersion = 16.0.29609.76
MinimumVisualStudioVersion = 10.0.40219.1
Project("{D954291E-2A0B-460D-934E-DC6B0785DB48}") = "Ultraviolet.Core", "Ultraviolet.Core\Shared\Ultraviolet.Core.shproj", "{803B586B-CBAC-4E46-A787-BDF837E1EF46}"
EndProject
Project("{9A19103F-16F7-4668-BE54-9A1E7A4F7556}") = "Ultraviolet.Core.NETStandard21", "Ultraviolet.Core\NETStandard21\Ultraviolet.Core.NETStandard21.csproj", "{5084F479-1233-477C-87D8-9DF47055DD80}"
EndProject
Project("{9A19103F-16F7-4668-BE54-9A1E7A4F7556}") = "Ultraviolet.Core.NETStandard20", "Ultraviolet.Core\NETStandard20\Ultraviolet.Core.NETStandard20.csproj", "{6425D280-825E-4C8E-B378-6248391024EE}"
EndProject
Project("{D954291E-2A0B-460D-934E-DC6B0785DB48}") = "Ultraviolet.Core.TestFramework", "Ultraviolet.Core.TestFramework\Shared\Ultraviolet.Core.TestFramework.shproj", "{C0EF7BA7-4F67-4063-84F7-8C04E4FCC632}"
EndProject
Project("{9A19103F-16F7-4668-BE54-9A1E7A4F7556}") = "Ultraviolet.Core.TestFramework.NETStandard20", "Ultraviolet.Core.TestFramework\NETStandard20\Ultraviolet.Core.TestFramework.NETStandard20.csproj", "{0473A60C-D081-4CB9-A575-4D94E38C0153}"
EndProject
Project("{9A19103F-16F7-4668-BE54-9A1E7A4F7556}") = "Ultraviolet.Core.TestFramework.NETStandard21", "Ultraviolet.Core.TestFramework\NETStandard21\Ultraviolet.Core.TestFramework.NETStandard21.csproj", "{E0DB1864-892D-4CDF-9288-B443014BB6D3}"
EndProject
Project("{D954291E-2A0B-460D-934E-DC6B0785DB48}") = "Ultraviolet.Core.Tests", "Ultraviolet.Core.Tests\Shared\Ultraviolet.Core.Tests.shproj", "{073BB428-13A0-4812-BAAD-A18E7326CC52}"
EndProject
Project("{9A19103F-16F7-4668-BE54-9A1E7A4F7556}") = "Ultraviolet.Core.Tests.NETStandard20", "Ultraviolet.Core.Tests\NETStandard20\Ultraviolet.Core.Tests.NETStandard20.csproj", "{AE25C365-F5EA-4AD0-914E-78B8A7151ABF}"
EndProject
Project("{9A19103F-16F7-4668-BE54-9A1E7A4F7556}") = "Ultraviolet.Core.Tests.NETStandard21", "Ultraviolet.Core.Tests\NETStandard21\Ultraviolet.Core.Tests.NETStandard21.csproj", "{6170C3C8-FC34-485B-BD8D-799BBA97A782}"
EndProject
Project("{D954291E-2A0B-460D-934E-DC6B0785DB48}") = "Ultraviolet.OpenGL.Bindings", "Ultraviolet.OpenGL.Bindings\Shared\Ultraviolet.OpenGL.Bindings.shproj", "{F2660B00-B04A-4301-9DFB-226DD9D0798B}"
EndProject
Project("{9A19103F-16F7-4668-BE54-9A1E7A4F7556}") = "Ultraviolet.OpenGL.Bindings.NETStandard20", "Ultraviolet.OpenGL.Bindings\NETStandard20\Ultraviolet.OpenGL.Bindings.NETStandard20.csproj", "{9A26B895-46B3-4AA5-890A-A707958CAFD2}"
EndProject
Project("{9A19103F-16F7-4668-BE54-9A1E7A4F7556}") = "Ultraviolet.OpenGL.Bindings.NETStandard21", "Ultraviolet.OpenGL.Bindings\NETStandard21\Ultraviolet.OpenGL.Bindings.NETStandard21.csproj", "{083EBC74-51BE-46E4-981F-09F5384EA856}"
EndProject
Project("{D954291E-2A0B-460D-934E-DC6B0785DB48}") = "Ultraviolet", "Ultraviolet\Shared\Ultraviolet.shproj", "{979EFFAE-5CDF-4CA8-90D0-E3DBF091DE0A}"
EndProject
Project("{9A19103F-16F7-4668-BE54-9A1E7A4F7556}") = "Ultraviolet.NETStandard20", "Ultraviolet\NETStandard20\Ultraviolet.NETStandard20.csproj", "{737D61A7-238E-40C8-89DC-46B6D6C38FD9}"
EndProject
Project("{9A19103F-16F7-4668-BE54-9A1E7A4F7556}") = "Ultraviolet.NETStandard21", "Ultraviolet\NETStandard21\Ultraviolet.NETStandard21.csproj", "{60ECC362-96E4-4A54-B280-23CB5CDB6903}"
EndProject
Project("{D954291E-2A0B-460D-934E-DC6B0785DB48}") = "Ultraviolet.TestFramework", "Ultraviolet.TestFramework\Shared\Ultraviolet.TestFramework.shproj", "{D223F1A9-3445-47FE-B82F-F7AA334F0549}"
EndProject
Project("{D954291E-2A0B-460D-934E-DC6B0785DB48}") = "Ultraviolet.OpenGL", "Ultraviolet.OpenGL\Shared\Ultraviolet.OpenGL.shproj", "{F04E0C37-AFC2-4B85-90C7-9D77DCFD074C}"
EndProject
Project("{D954291E-2A0B-460D-934E-DC6B0785DB48}") = "Ultraviolet.SDL2", "Ultraviolet.SDL2\Shared\Ultraviolet.SDL2.shproj", "{97309779-3045-4D98-8DE0-5F40A8DC1C5B}"
EndProject
Project("{9A19103F-16F7-4668-BE54-9A1E7A4F7556}") = "Ultraviolet.SDL2.NETStandard20", "Ultraviolet.SDL2\NETStandard20\Ultraviolet.SDL2.NETStandard20.csproj", "{81CA3649-4502-407F-B0E8-87EF9B4B1BDF}"
EndProject
Project("{9A19103F-16F7-4668-BE54-9A1E7A4F7556}") = "Ultraviolet.SDL2.NETStandard21", "Ultraviolet.SDL2\NETStandard21\Ultraviolet.SDL2.NETStandard21.csproj", "{4EFF1892-2CDF-45A4-8BB0-61CEC0875963}"
EndProject
Project("{9A19103F-16F7-4668-BE54-9A1E7A4F7556}") = "Ultraviolet.OpenGL.NETStandard20", "Ultraviolet.OpenGL\NETStandard20\Ultraviolet.OpenGL.NETStandard20.csproj", "{156CD6A9-A0AA-43A5-B08D-F22424A803A7}"
EndProject
Project("{9A19103F-16F7-4668-BE54-9A1E7A4F7556}") = "Ultraviolet.OpenGL.NETStandard21", "Ultraviolet.OpenGL\NETStandard21\Ultraviolet.OpenGL.NETStandard21.csproj", "{2102C259-B359-465F-93DC-3A317FF09762}"
EndProject
Project("{9A19103F-16F7-4668-BE54-9A1E7A4F7556}") = "Ultraviolet.Shims.NETCore3", "Ultraviolet.Shims.NETCore3\Ultraviolet.Shims.NETCore3.csproj", "{6DE9B8AD-3CBD-499B-9A17-5DB198B7E6B1}"
EndProject
Project("{9A19103F-16F7-4668-BE54-9A1E7A4F7556}") = "Ultraviolet.Shims.NETCore2", "Ultraviolet.Shims.NETCore2\Ultraviolet.Shims.NETCore2.csproj", "{EDEF6CD7-8132-4C8C-8196-38832D4F4B9F}"
EndProject
Project("{9A19103F-16F7-4668-BE54-9A1E7A4F7556}") = "Ultraviolet.TestFramework.NETStandard20", "Ultraviolet.TestFramework\NETStandard20\Ultraviolet.TestFramework.NETStandard20.csproj", "{56DF32AB-417C-491B-B4A5-88F134024BD5}"
EndProject
Project("{9A19103F-16F7-4668-BE54-9A1E7A4F7556}") = "Ultraviolet.TestFramework.NETStandard21", "Ultraviolet.TestFramework\NETStandard21\Ultraviolet.TestFramework.NETStandard21.csproj", "{7A7F8535-0FE2-4D43-A4C1-D5963A8347D4}"
EndProject
Project("{D954291E-2A0B-460D-934E-DC6B0785DB48}") = "Ultraviolet.Tests", "Ultraviolet.Tests\Shared\Ultraviolet.Tests.shproj", "{084C6292-2DE5-4F12-A40F-6B9BDD6154F5}"
EndProject
Project("{9A19103F-16F7-4668-BE54-9A1E7A4F7556}") = "Ultraviolet.Tests.NETStandard20", "Ultraviolet.Tests\NETStandard20\Ultraviolet.Tests.NETStandard20.csproj", "{DAD2639A-CA77-4A33-A297-D02EA8E539B6}"
EndProject
Project("{D954291E-2A0B-460D-934E-DC6B0785DB48}") = "Ultraviolet.FreeType2", "Ultraviolet.FreeType2\Shared\Ultraviolet.FreeType2.shproj", "{9C6D1468-B7A7-4FB9-B7EF-088803A62B89}"
EndProject
Project("{9A19103F-16F7-4668-BE54-9A1E7A4F7556}") = "Ultraviolet.FreeType2.NETStandard20", "Ultraviolet.FreeType2\NETStandard20\Ultraviolet.FreeType2.NETStandard20.csproj", "{EAC832A4-C689-4A81-A8C9-91ECE9C94521}"
EndProject
Project("{9A19103F-16F7-4668-BE54-9A1E7A4F7556}") = "Ultraviolet.FreeType2.NETStandard21", "Ultraviolet.FreeType2\NETStandard21\Ultraviolet.FreeType2.NETStandard21.csproj", "{9E47B77D-B108-4954-B441-2569FA888041}"
EndProject
Project("{9A19103F-16F7-4668-BE54-9A1E7A4F7556}") = "Ultraviolet.Tests.NETStandard21", "Ultraviolet.Tests\NETStandard21\Ultraviolet.Tests.NETStandard21.csproj", "{98BA7BB4-E39B-4F1E-BB21-F2CD318E6514}"
EndProject
Project("{D954291E-2A0B-460D-934E-DC6B0785DB48}") = "Ultraviolet.Presentation.Uvss", "Ultraviolet.Presentation.Uvss\Shared\Ultraviolet.Presentation.Uvss.shproj", "{2DEF7217-0B35-423C-9085-EC46260682C7}"
EndProject
Project("{9A19103F-16F7-4668-BE54-9A1E7A4F7556}") = "Ultraviolet.Presentation.Uvss.NETStandard20", "Ultraviolet.Presentation.Uvss\NETStandard20\Ultraviolet.Presentation.Uvss.NETStandard20.csproj", "{9CCB4AFE-E0AF-4051-B4D2-D2885A7F1DB8}"
EndProject
Project("{9A19103F-16F7-4668-BE54-9A1E7A4F7556}") = "Ultraviolet.Presentation.Uvss.NETStandard21", "Ultraviolet.Presentation.Uvss\NETStandard21\Ultraviolet.Presentation.Uvss.NETStandard21.csproj", "{C51252DA-60C9-4B3B-A08E-C94F9D1A9F35}"
EndProject
Project("{D954291E-2A0B-460D-934E-DC6B0785DB48}") = "Ultraviolet.Presentation", "Ultraviolet.Presentation\Shared\Ultraviolet.Presentation.shproj", "{4E921721-BE4A-4F69-BEE4-61E8A18E0774}"
EndProject
Project("{9A19103F-16F7-4668-BE54-9A1E7A4F7556}") = "Ultraviolet.Presentation.NETStandard20", "Ultraviolet.Presentation\NETStandard20\Ultraviolet.Presentation.NETStandard20.csproj", "{B148FE6C-3D5A-4EFB-8A93-63ADB3152CF7}"
EndProject
Project("{9A19103F-16F7-4668-BE54-9A1E7A4F7556}") = "Ultraviolet.Presentation.NETStandard21", "Ultraviolet.Presentation\NETStandard21\Ultraviolet.Presentation.NETStandard21.csproj", "{73860779-6975-440D-9F01-DCE0FBA2F703}"
EndProject
Project("{D954291E-2A0B-460D-934E-DC6B0785DB48}") = "Ultraviolet.BASS", "Ultraviolet.BASS\Shared\Ultraviolet.BASS.shproj", "{62E8C883-B858-4FCC-82EC-C313FEFBAD34}"
EndProject
Project("{9A19103F-16F7-4668-BE54-9A1E7A4F7556}") = "Ultraviolet.BASS.NETStandard20", "Ultraviolet.BASS\NETStandard20\Ultraviolet.BASS.NETStandard20.csproj", "{2FEB822E-A465-483C-B14C-1CE2F27A2181}"
EndProject
Project("{9A19103F-16F7-4668-BE54-9A1E7A4F7556}") = "Ultraviolet.BASS.NETStandard21", "Ultraviolet.BASS\NETStandard21\Ultraviolet.BASS.NETStandard21.csproj", "{69ADB61D-C5B5-4E5E-82D6-8AFD9216D28E}"
EndProject
Project("{D954291E-2A0B-460D-934E-DC6B0785DB48}") = "Ultraviolet.Presentation.Compiler", "Ultraviolet.Presentation.Compiler\Shared\Ultraviolet.Presentation.Compiler.shproj", "{D27AB499-F06F-47EA-8645-285CF2315EC2}"
EndProject
Project("{9A19103F-16F7-4668-BE54-9A1E7A4F7556}") = "Ultraviolet.Presentation.Compiler.NETStandard20", "Ultraviolet.Presentation.Compiler\NETStandard20\Ultraviolet.Presentation.Compiler.NETStandard20.csproj", "{54C6341B-FF25-4E8E-B8ED-BBE9503FF2BF}"
EndProject
Project("{9A19103F-16F7-4668-BE54-9A1E7A4F7556}") = "Ultraviolet.Presentation.Compiler.NETStandard21", "Ultraviolet.Presentation.Compiler\NETStandard21\Ultraviolet.Presentation.Compiler.NETStandard21.csproj", "{6D4EB5C2-1427-4BBD-8679-F1D01F3675F9}"
EndProject
Global
	GlobalSection(SharedMSBuildProjectFiles) = preSolution
		Ultraviolet.Core.Tests\Shared\Ultraviolet.Core.Tests.projitems*{073bb428-13a0-4812-baad-a18e7326cc52}*SharedItemsImports = 13
		Ultraviolet.Tests\Shared\Ultraviolet.Tests.projitems*{084c6292-2de5-4f12-a40f-6b9bdd6154f5}*SharedItemsImports = 13
		Ultraviolet.Presentation.Uvss\Shared\Ultraviolet.Presentation.Uvss.projitems*{2def7217-0b35-423c-9085-ec46260682c7}*SharedItemsImports = 13
		Ultraviolet.Presentation\Shared\Ultraviolet.Presentation.projitems*{4e921721-be4a-4f69-bee4-61e8a18e0774}*SharedItemsImports = 13
		Ultraviolet.BASS\Shared\Ultraviolet.BASS.projitems*{62e8c883-b858-4fcc-82ec-c313fefbad34}*SharedItemsImports = 13
		Ultraviolet.Core\Shared\Ultraviolet.Core.projitems*{803b586b-cbac-4e46-a787-bdf837e1ef46}*SharedItemsImports = 13
		Ultraviolet.SDL2\Shared\Ultraviolet.SDL2.projitems*{97309779-3045-4d98-8de0-5f40a8dc1c5b}*SharedItemsImports = 13
		Ultraviolet\Shared\Ultraviolet.projitems*{979effae-5cdf-4ca8-90d0-e3dbf091de0a}*SharedItemsImports = 13
		Ultraviolet.FreeType2\Shared\Ultraviolet.FreeType2.projitems*{9c6d1468-b7a7-4fb9-b7ef-088803a62b89}*SharedItemsImports = 13
		Ultraviolet.Core.TestFramework\Shared\Ultraviolet.Core.TestFramework.projitems*{c0ef7ba7-4f67-4063-84f7-8c04e4fcc632}*SharedItemsImports = 13
		Ultraviolet.TestFramework\Shared\Ultraviolet.TestFramework.projitems*{d223f1a9-3445-47fe-b82f-f7aa334f0549}*SharedItemsImports = 13
		Ultraviolet.Presentation.Compiler\Shared\Ultraviolet.Presentation.Compiler.projitems*{d27ab499-f06f-47ea-8645-285cf2315ec2}*SharedItemsImports = 13
		Ultraviolet.OpenGL\Shared\Ultraviolet.OpenGL.projitems*{f04e0c37-afc2-4b85-90c7-9d77dcfd074c}*SharedItemsImports = 13
		Ultraviolet.OpenGL.Bindings\Shared\Ultraviolet.OpenGL.Bindings.projitems*{f2660b00-b04a-4301-9dfb-226dd9d0798b}*SharedItemsImports = 13
	EndGlobalSection
	GlobalSection(SolutionConfigurationPlatforms) = preSolution
		Debug|Any CPU = Debug|Any CPU
		Release|Any CPU = Release|Any CPU
		Signed|Any CPU = Signed|Any CPU
	EndGlobalSection
	GlobalSection(ProjectConfigurationPlatforms) = postSolution
		{5084F479-1233-477C-87D8-9DF47055DD80}.Debug|Any CPU.ActiveCfg = Debug|Any CPU
		{5084F479-1233-477C-87D8-9DF47055DD80}.Debug|Any CPU.Build.0 = Debug|Any CPU
		{5084F479-1233-477C-87D8-9DF47055DD80}.Release|Any CPU.ActiveCfg = Release|Any CPU
		{5084F479-1233-477C-87D8-9DF47055DD80}.Release|Any CPU.Build.0 = Release|Any CPU
		{5084F479-1233-477C-87D8-9DF47055DD80}.Signed|Any CPU.ActiveCfg = Debug|Any CPU
		{5084F479-1233-477C-87D8-9DF47055DD80}.Signed|Any CPU.Build.0 = Debug|Any CPU
		{6425D280-825E-4C8E-B378-6248391024EE}.Debug|Any CPU.ActiveCfg = Debug|Any CPU
		{6425D280-825E-4C8E-B378-6248391024EE}.Debug|Any CPU.Build.0 = Debug|Any CPU
		{6425D280-825E-4C8E-B378-6248391024EE}.Release|Any CPU.ActiveCfg = Release|Any CPU
		{6425D280-825E-4C8E-B378-6248391024EE}.Release|Any CPU.Build.0 = Release|Any CPU
		{6425D280-825E-4C8E-B378-6248391024EE}.Signed|Any CPU.ActiveCfg = Signed|Any CPU
		{6425D280-825E-4C8E-B378-6248391024EE}.Signed|Any CPU.Build.0 = Signed|Any CPU
		{0473A60C-D081-4CB9-A575-4D94E38C0153}.Debug|Any CPU.ActiveCfg = Debug|Any CPU
		{0473A60C-D081-4CB9-A575-4D94E38C0153}.Debug|Any CPU.Build.0 = Debug|Any CPU
		{0473A60C-D081-4CB9-A575-4D94E38C0153}.Release|Any CPU.ActiveCfg = Release|Any CPU
		{0473A60C-D081-4CB9-A575-4D94E38C0153}.Release|Any CPU.Build.0 = Release|Any CPU
		{0473A60C-D081-4CB9-A575-4D94E38C0153}.Signed|Any CPU.ActiveCfg = Debug|Any CPU
		{0473A60C-D081-4CB9-A575-4D94E38C0153}.Signed|Any CPU.Build.0 = Debug|Any CPU
		{E0DB1864-892D-4CDF-9288-B443014BB6D3}.Debug|Any CPU.ActiveCfg = Debug|Any CPU
		{E0DB1864-892D-4CDF-9288-B443014BB6D3}.Debug|Any CPU.Build.0 = Debug|Any CPU
		{E0DB1864-892D-4CDF-9288-B443014BB6D3}.Release|Any CPU.ActiveCfg = Release|Any CPU
		{E0DB1864-892D-4CDF-9288-B443014BB6D3}.Release|Any CPU.Build.0 = Release|Any CPU
		{E0DB1864-892D-4CDF-9288-B443014BB6D3}.Signed|Any CPU.ActiveCfg = Debug|Any CPU
		{E0DB1864-892D-4CDF-9288-B443014BB6D3}.Signed|Any CPU.Build.0 = Debug|Any CPU
		{AE25C365-F5EA-4AD0-914E-78B8A7151ABF}.Debug|Any CPU.ActiveCfg = Debug|Any CPU
		{AE25C365-F5EA-4AD0-914E-78B8A7151ABF}.Debug|Any CPU.Build.0 = Debug|Any CPU
		{AE25C365-F5EA-4AD0-914E-78B8A7151ABF}.Release|Any CPU.ActiveCfg = Release|Any CPU
		{AE25C365-F5EA-4AD0-914E-78B8A7151ABF}.Release|Any CPU.Build.0 = Release|Any CPU
		{AE25C365-F5EA-4AD0-914E-78B8A7151ABF}.Signed|Any CPU.ActiveCfg = Debug|Any CPU
		{AE25C365-F5EA-4AD0-914E-78B8A7151ABF}.Signed|Any CPU.Build.0 = Debug|Any CPU
		{6170C3C8-FC34-485B-BD8D-799BBA97A782}.Debug|Any CPU.ActiveCfg = Debug|Any CPU
		{6170C3C8-FC34-485B-BD8D-799BBA97A782}.Debug|Any CPU.Build.0 = Debug|Any CPU
		{6170C3C8-FC34-485B-BD8D-799BBA97A782}.Release|Any CPU.ActiveCfg = Release|Any CPU
		{6170C3C8-FC34-485B-BD8D-799BBA97A782}.Release|Any CPU.Build.0 = Release|Any CPU
		{6170C3C8-FC34-485B-BD8D-799BBA97A782}.Signed|Any CPU.ActiveCfg = Debug|Any CPU
		{6170C3C8-FC34-485B-BD8D-799BBA97A782}.Signed|Any CPU.Build.0 = Debug|Any CPU
		{9A26B895-46B3-4AA5-890A-A707958CAFD2}.Debug|Any CPU.ActiveCfg = Debug|Any CPU
		{9A26B895-46B3-4AA5-890A-A707958CAFD2}.Debug|Any CPU.Build.0 = Debug|Any CPU
		{9A26B895-46B3-4AA5-890A-A707958CAFD2}.Release|Any CPU.ActiveCfg = Release|Any CPU
		{9A26B895-46B3-4AA5-890A-A707958CAFD2}.Release|Any CPU.Build.0 = Release|Any CPU
		{9A26B895-46B3-4AA5-890A-A707958CAFD2}.Signed|Any CPU.ActiveCfg = Signed|Any CPU
		{9A26B895-46B3-4AA5-890A-A707958CAFD2}.Signed|Any CPU.Build.0 = Signed|Any CPU
		{083EBC74-51BE-46E4-981F-09F5384EA856}.Debug|Any CPU.ActiveCfg = Debug|Any CPU
		{083EBC74-51BE-46E4-981F-09F5384EA856}.Debug|Any CPU.Build.0 = Debug|Any CPU
		{083EBC74-51BE-46E4-981F-09F5384EA856}.Release|Any CPU.ActiveCfg = Release|Any CPU
		{083EBC74-51BE-46E4-981F-09F5384EA856}.Release|Any CPU.Build.0 = Release|Any CPU
		{083EBC74-51BE-46E4-981F-09F5384EA856}.Signed|Any CPU.ActiveCfg = Signed|Any CPU
		{083EBC74-51BE-46E4-981F-09F5384EA856}.Signed|Any CPU.Build.0 = Signed|Any CPU
		{737D61A7-238E-40C8-89DC-46B6D6C38FD9}.Debug|Any CPU.ActiveCfg = Debug|Any CPU
		{737D61A7-238E-40C8-89DC-46B6D6C38FD9}.Debug|Any CPU.Build.0 = Debug|Any CPU
		{737D61A7-238E-40C8-89DC-46B6D6C38FD9}.Release|Any CPU.ActiveCfg = Release|Any CPU
		{737D61A7-238E-40C8-89DC-46B6D6C38FD9}.Release|Any CPU.Build.0 = Release|Any CPU
		{737D61A7-238E-40C8-89DC-46B6D6C38FD9}.Signed|Any CPU.ActiveCfg = Signed|Any CPU
		{737D61A7-238E-40C8-89DC-46B6D6C38FD9}.Signed|Any CPU.Build.0 = Signed|Any CPU
		{60ECC362-96E4-4A54-B280-23CB5CDB6903}.Debug|Any CPU.ActiveCfg = Debug|Any CPU
		{60ECC362-96E4-4A54-B280-23CB5CDB6903}.Debug|Any CPU.Build.0 = Debug|Any CPU
		{60ECC362-96E4-4A54-B280-23CB5CDB6903}.Release|Any CPU.ActiveCfg = Release|Any CPU
		{60ECC362-96E4-4A54-B280-23CB5CDB6903}.Release|Any CPU.Build.0 = Release|Any CPU
		{60ECC362-96E4-4A54-B280-23CB5CDB6903}.Signed|Any CPU.ActiveCfg = Signed|Any CPU
		{60ECC362-96E4-4A54-B280-23CB5CDB6903}.Signed|Any CPU.Build.0 = Signed|Any CPU
		{81CA3649-4502-407F-B0E8-87EF9B4B1BDF}.Debug|Any CPU.ActiveCfg = Debug|Any CPU
		{81CA3649-4502-407F-B0E8-87EF9B4B1BDF}.Debug|Any CPU.Build.0 = Debug|Any CPU
		{81CA3649-4502-407F-B0E8-87EF9B4B1BDF}.Release|Any CPU.ActiveCfg = Release|Any CPU
		{81CA3649-4502-407F-B0E8-87EF9B4B1BDF}.Release|Any CPU.Build.0 = Release|Any CPU
		{81CA3649-4502-407F-B0E8-87EF9B4B1BDF}.Signed|Any CPU.ActiveCfg = Signed|Any CPU
		{81CA3649-4502-407F-B0E8-87EF9B4B1BDF}.Signed|Any CPU.Build.0 = Signed|Any CPU
		{4EFF1892-2CDF-45A4-8BB0-61CEC0875963}.Debug|Any CPU.ActiveCfg = Debug|Any CPU
		{4EFF1892-2CDF-45A4-8BB0-61CEC0875963}.Debug|Any CPU.Build.0 = Debug|Any CPU
		{4EFF1892-2CDF-45A4-8BB0-61CEC0875963}.Release|Any CPU.ActiveCfg = Release|Any CPU
		{4EFF1892-2CDF-45A4-8BB0-61CEC0875963}.Release|Any CPU.Build.0 = Release|Any CPU
		{4EFF1892-2CDF-45A4-8BB0-61CEC0875963}.Signed|Any CPU.ActiveCfg = Signed|Any CPU
		{4EFF1892-2CDF-45A4-8BB0-61CEC0875963}.Signed|Any CPU.Build.0 = Signed|Any CPU
		{156CD6A9-A0AA-43A5-B08D-F22424A803A7}.Debug|Any CPU.ActiveCfg = Debug|Any CPU
		{156CD6A9-A0AA-43A5-B08D-F22424A803A7}.Debug|Any CPU.Build.0 = Debug|Any CPU
		{156CD6A9-A0AA-43A5-B08D-F22424A803A7}.Release|Any CPU.ActiveCfg = Release|Any CPU
		{156CD6A9-A0AA-43A5-B08D-F22424A803A7}.Release|Any CPU.Build.0 = Release|Any CPU
		{156CD6A9-A0AA-43A5-B08D-F22424A803A7}.Signed|Any CPU.ActiveCfg = Signed|Any CPU
		{156CD6A9-A0AA-43A5-B08D-F22424A803A7}.Signed|Any CPU.Build.0 = Signed|Any CPU
		{2102C259-B359-465F-93DC-3A317FF09762}.Debug|Any CPU.ActiveCfg = Debug|Any CPU
		{2102C259-B359-465F-93DC-3A317FF09762}.Debug|Any CPU.Build.0 = Debug|Any CPU
		{2102C259-B359-465F-93DC-3A317FF09762}.Release|Any CPU.ActiveCfg = Release|Any CPU
		{2102C259-B359-465F-93DC-3A317FF09762}.Release|Any CPU.Build.0 = Release|Any CPU
		{2102C259-B359-465F-93DC-3A317FF09762}.Signed|Any CPU.ActiveCfg = Signed|Any CPU
		{2102C259-B359-465F-93DC-3A317FF09762}.Signed|Any CPU.Build.0 = Signed|Any CPU
		{6DE9B8AD-3CBD-499B-9A17-5DB198B7E6B1}.Debug|Any CPU.ActiveCfg = Debug|Any CPU
		{6DE9B8AD-3CBD-499B-9A17-5DB198B7E6B1}.Debug|Any CPU.Build.0 = Debug|Any CPU
		{6DE9B8AD-3CBD-499B-9A17-5DB198B7E6B1}.Release|Any CPU.ActiveCfg = Release|Any CPU
		{6DE9B8AD-3CBD-499B-9A17-5DB198B7E6B1}.Release|Any CPU.Build.0 = Release|Any CPU
		{6DE9B8AD-3CBD-499B-9A17-5DB198B7E6B1}.Signed|Any CPU.ActiveCfg = Debug|Any CPU
		{6DE9B8AD-3CBD-499B-9A17-5DB198B7E6B1}.Signed|Any CPU.Build.0 = Debug|Any CPU
		{EDEF6CD7-8132-4C8C-8196-38832D4F4B9F}.Debug|Any CPU.ActiveCfg = Debug|Any CPU
		{EDEF6CD7-8132-4C8C-8196-38832D4F4B9F}.Debug|Any CPU.Build.0 = Debug|Any CPU
		{EDEF6CD7-8132-4C8C-8196-38832D4F4B9F}.Release|Any CPU.ActiveCfg = Release|Any CPU
		{EDEF6CD7-8132-4C8C-8196-38832D4F4B9F}.Release|Any CPU.Build.0 = Release|Any CPU
		{EDEF6CD7-8132-4C8C-8196-38832D4F4B9F}.Signed|Any CPU.ActiveCfg = Signed|Any CPU
		{EDEF6CD7-8132-4C8C-8196-38832D4F4B9F}.Signed|Any CPU.Build.0 = Signed|Any CPU
		{56DF32AB-417C-491B-B4A5-88F134024BD5}.Debug|Any CPU.ActiveCfg = Debug|Any CPU
		{56DF32AB-417C-491B-B4A5-88F134024BD5}.Debug|Any CPU.Build.0 = Debug|Any CPU
		{56DF32AB-417C-491B-B4A5-88F134024BD5}.Release|Any CPU.ActiveCfg = Release|Any CPU
		{56DF32AB-417C-491B-B4A5-88F134024BD5}.Release|Any CPU.Build.0 = Release|Any CPU
		{56DF32AB-417C-491B-B4A5-88F134024BD5}.Signed|Any CPU.ActiveCfg = Signed|Any CPU
		{56DF32AB-417C-491B-B4A5-88F134024BD5}.Signed|Any CPU.Build.0 = Signed|Any CPU
		{7A7F8535-0FE2-4D43-A4C1-D5963A8347D4}.Debug|Any CPU.ActiveCfg = Debug|Any CPU
		{7A7F8535-0FE2-4D43-A4C1-D5963A8347D4}.Debug|Any CPU.Build.0 = Debug|Any CPU
		{7A7F8535-0FE2-4D43-A4C1-D5963A8347D4}.Release|Any CPU.ActiveCfg = Release|Any CPU
		{7A7F8535-0FE2-4D43-A4C1-D5963A8347D4}.Release|Any CPU.Build.0 = Release|Any CPU
		{7A7F8535-0FE2-4D43-A4C1-D5963A8347D4}.Signed|Any CPU.ActiveCfg = Signed|Any CPU
		{7A7F8535-0FE2-4D43-A4C1-D5963A8347D4}.Signed|Any CPU.Build.0 = Signed|Any CPU
		{DAD2639A-CA77-4A33-A297-D02EA8E539B6}.Debug|Any CPU.ActiveCfg = Debug|Any CPU
		{DAD2639A-CA77-4A33-A297-D02EA8E539B6}.Debug|Any CPU.Build.0 = Debug|Any CPU
		{DAD2639A-CA77-4A33-A297-D02EA8E539B6}.Release|Any CPU.ActiveCfg = Release|Any CPU
		{DAD2639A-CA77-4A33-A297-D02EA8E539B6}.Release|Any CPU.Build.0 = Release|Any CPU
		{DAD2639A-CA77-4A33-A297-D02EA8E539B6}.Signed|Any CPU.ActiveCfg = Debug|Any CPU
		{DAD2639A-CA77-4A33-A297-D02EA8E539B6}.Signed|Any CPU.Build.0 = Debug|Any CPU
		{EAC832A4-C689-4A81-A8C9-91ECE9C94521}.Debug|Any CPU.ActiveCfg = Debug|Any CPU
		{EAC832A4-C689-4A81-A8C9-91ECE9C94521}.Debug|Any CPU.Build.0 = Debug|Any CPU
		{EAC832A4-C689-4A81-A8C9-91ECE9C94521}.Release|Any CPU.ActiveCfg = Release|Any CPU
		{EAC832A4-C689-4A81-A8C9-91ECE9C94521}.Release|Any CPU.Build.0 = Release|Any CPU
		{EAC832A4-C689-4A81-A8C9-91ECE9C94521}.Signed|Any CPU.ActiveCfg = Signed|Any CPU
		{EAC832A4-C689-4A81-A8C9-91ECE9C94521}.Signed|Any CPU.Build.0 = Signed|Any CPU
		{9E47B77D-B108-4954-B441-2569FA888041}.Debug|Any CPU.ActiveCfg = Debug|Any CPU
		{9E47B77D-B108-4954-B441-2569FA888041}.Debug|Any CPU.Build.0 = Debug|Any CPU
		{9E47B77D-B108-4954-B441-2569FA888041}.Release|Any CPU.ActiveCfg = Release|Any CPU
		{9E47B77D-B108-4954-B441-2569FA888041}.Release|Any CPU.Build.0 = Release|Any CPU
		{9E47B77D-B108-4954-B441-2569FA888041}.Signed|Any CPU.ActiveCfg = Signed|Any CPU
		{9E47B77D-B108-4954-B441-2569FA888041}.Signed|Any CPU.Build.0 = Signed|Any CPU
		{98BA7BB4-E39B-4F1E-BB21-F2CD318E6514}.Debug|Any CPU.ActiveCfg = Debug|Any CPU
		{98BA7BB4-E39B-4F1E-BB21-F2CD318E6514}.Debug|Any CPU.Build.0 = Debug|Any CPU
		{98BA7BB4-E39B-4F1E-BB21-F2CD318E6514}.Release|Any CPU.ActiveCfg = Release|Any CPU
		{98BA7BB4-E39B-4F1E-BB21-F2CD318E6514}.Release|Any CPU.Build.0 = Release|Any CPU
		{98BA7BB4-E39B-4F1E-BB21-F2CD318E6514}.Signed|Any CPU.ActiveCfg = Debug|Any CPU
		{98BA7BB4-E39B-4F1E-BB21-F2CD318E6514}.Signed|Any CPU.Build.0 = Debug|Any CPU
		{9CCB4AFE-E0AF-4051-B4D2-D2885A7F1DB8}.Debug|Any CPU.ActiveCfg = Debug|Any CPU
		{9CCB4AFE-E0AF-4051-B4D2-D2885A7F1DB8}.Debug|Any CPU.Build.0 = Debug|Any CPU
		{9CCB4AFE-E0AF-4051-B4D2-D2885A7F1DB8}.Release|Any CPU.ActiveCfg = Release|Any CPU
		{9CCB4AFE-E0AF-4051-B4D2-D2885A7F1DB8}.Release|Any CPU.Build.0 = Release|Any CPU
		{9CCB4AFE-E0AF-4051-B4D2-D2885A7F1DB8}.Signed|Any CPU.ActiveCfg = Signed|Any CPU
		{9CCB4AFE-E0AF-4051-B4D2-D2885A7F1DB8}.Signed|Any CPU.Build.0 = Signed|Any CPU
		{C51252DA-60C9-4B3B-A08E-C94F9D1A9F35}.Debug|Any CPU.ActiveCfg = Debug|Any CPU
		{C51252DA-60C9-4B3B-A08E-C94F9D1A9F35}.Debug|Any CPU.Build.0 = Debug|Any CPU
		{C51252DA-60C9-4B3B-A08E-C94F9D1A9F35}.Release|Any CPU.ActiveCfg = Release|Any CPU
		{C51252DA-60C9-4B3B-A08E-C94F9D1A9F35}.Release|Any CPU.Build.0 = Release|Any CPU
		{C51252DA-60C9-4B3B-A08E-C94F9D1A9F35}.Signed|Any CPU.ActiveCfg = Signed|Any CPU
		{C51252DA-60C9-4B3B-A08E-C94F9D1A9F35}.Signed|Any CPU.Build.0 = Signed|Any CPU
		{B148FE6C-3D5A-4EFB-8A93-63ADB3152CF7}.Debug|Any CPU.ActiveCfg = Debug|Any CPU
		{B148FE6C-3D5A-4EFB-8A93-63ADB3152CF7}.Debug|Any CPU.Build.0 = Debug|Any CPU
		{B148FE6C-3D5A-4EFB-8A93-63ADB3152CF7}.Release|Any CPU.ActiveCfg = Release|Any CPU
		{B148FE6C-3D5A-4EFB-8A93-63ADB3152CF7}.Release|Any CPU.Build.0 = Release|Any CPU
		{B148FE6C-3D5A-4EFB-8A93-63ADB3152CF7}.Signed|Any CPU.ActiveCfg = Signed|Any CPU
		{B148FE6C-3D5A-4EFB-8A93-63ADB3152CF7}.Signed|Any CPU.Build.0 = Signed|Any CPU
		{73860779-6975-440D-9F01-DCE0FBA2F703}.Debug|Any CPU.ActiveCfg = Debug|Any CPU
		{73860779-6975-440D-9F01-DCE0FBA2F703}.Debug|Any CPU.Build.0 = Debug|Any CPU
		{73860779-6975-440D-9F01-DCE0FBA2F703}.Release|Any CPU.ActiveCfg = Release|Any CPU
		{73860779-6975-440D-9F01-DCE0FBA2F703}.Release|Any CPU.Build.0 = Release|Any CPU
		{73860779-6975-440D-9F01-DCE0FBA2F703}.Signed|Any CPU.ActiveCfg = Signed|Any CPU
		{73860779-6975-440D-9F01-DCE0FBA2F703}.Signed|Any CPU.Build.0 = Signed|Any CPU
		{2FEB822E-A465-483C-B14C-1CE2F27A2181}.Debug|Any CPU.ActiveCfg = Debug|Any CPU
		{2FEB822E-A465-483C-B14C-1CE2F27A2181}.Debug|Any CPU.Build.0 = Debug|Any CPU
		{2FEB822E-A465-483C-B14C-1CE2F27A2181}.Release|Any CPU.ActiveCfg = Release|Any CPU
		{2FEB822E-A465-483C-B14C-1CE2F27A2181}.Release|Any CPU.Build.0 = Release|Any CPU
		{2FEB822E-A465-483C-B14C-1CE2F27A2181}.Signed|Any CPU.ActiveCfg = Signed|Any CPU
		{2FEB822E-A465-483C-B14C-1CE2F27A2181}.Signed|Any CPU.Build.0 = Signed|Any CPU
		{69ADB61D-C5B5-4E5E-82D6-8AFD9216D28E}.Debug|Any CPU.ActiveCfg = Debug|Any CPU
		{69ADB61D-C5B5-4E5E-82D6-8AFD9216D28E}.Debug|Any CPU.Build.0 = Debug|Any CPU
		{69ADB61D-C5B5-4E5E-82D6-8AFD9216D28E}.Release|Any CPU.ActiveCfg = Release|Any CPU
		{69ADB61D-C5B5-4E5E-82D6-8AFD9216D28E}.Release|Any CPU.Build.0 = Release|Any CPU
		{69ADB61D-C5B5-4E5E-82D6-8AFD9216D28E}.Signed|Any CPU.ActiveCfg = Signed|Any CPU
		{69ADB61D-C5B5-4E5E-82D6-8AFD9216D28E}.Signed|Any CPU.Build.0 = Signed|Any CPU
		{54C6341B-FF25-4E8E-B8ED-BBE9503FF2BF}.Debug|Any CPU.ActiveCfg = Debug|Any CPU
		{54C6341B-FF25-4E8E-B8ED-BBE9503FF2BF}.Debug|Any CPU.Build.0 = Debug|Any CPU
		{54C6341B-FF25-4E8E-B8ED-BBE9503FF2BF}.Release|Any CPU.ActiveCfg = Release|Any CPU
		{54C6341B-FF25-4E8E-B8ED-BBE9503FF2BF}.Release|Any CPU.Build.0 = Release|Any CPU
		{54C6341B-FF25-4E8E-B8ED-BBE9503FF2BF}.Signed|Any CPU.ActiveCfg = Signed|Any CPU
		{54C6341B-FF25-4E8E-B8ED-BBE9503FF2BF}.Signed|Any CPU.Build.0 = Signed|Any CPU
		{6D4EB5C2-1427-4BBD-8679-F1D01F3675F9}.Debug|Any CPU.ActiveCfg = Debug|Any CPU
		{6D4EB5C2-1427-4BBD-8679-F1D01F3675F9}.Debug|Any CPU.Build.0 = Debug|Any CPU
		{6D4EB5C2-1427-4BBD-8679-F1D01F3675F9}.Release|Any CPU.ActiveCfg = Release|Any CPU
		{6D4EB5C2-1427-4BBD-8679-F1D01F3675F9}.Release|Any CPU.Build.0 = Release|Any CPU
		{6D4EB5C2-1427-4BBD-8679-F1D01F3675F9}.Signed|Any CPU.ActiveCfg = Signed|Any CPU
		{6D4EB5C2-1427-4BBD-8679-F1D01F3675F9}.Signed|Any CPU.Build.0 = Signed|Any CPU
	EndGlobalSection
	GlobalSection(SolutionProperties) = preSolution
		HideSolutionNode = FALSE
	EndGlobalSection
	GlobalSection(ExtensibilityGlobals) = postSolution
		SolutionGuid = {5692BF08-52C2-4A45-9DA9-F6B390321257}
	EndGlobalSection
	GlobalSection(Performance) = preSolution
		HasPerformanceSessions = true
	EndGlobalSection
	GlobalSection(MonoDevelopProperties) = preSolution
		Policies = $0
		$0.TextStylePolicy = $1
		$1.FileWidth = 120
		$1.EolMarker = Windows
		$1.inheritsSet = VisualStudio
		$1.inheritsScope = text/plain
		$1.scope = text/x-csharp
		$0.CSharpFormattingPolicy = $2
		$2.AnonymousMethodBraceStyle = NextLine
		$2.PropertyBraceStyle = NextLine
		$2.PropertyGetBraceStyle = NextLine
		$2.PropertySetBraceStyle = NextLine
		$2.EventBraceStyle = NextLine
		$2.EventAddBraceStyle = NextLine
		$2.EventRemoveBraceStyle = NextLine
		$2.StatementBraceStyle = NextLine
		$2.BeforeMethodDeclarationParentheses = False
		$2.BeforeMethodCallParentheses = False
		$2.BeforeConstructorDeclarationParentheses = False
		$2.BeforeIndexerDeclarationBracket = False
		$2.BeforeDelegateDeclarationParentheses = False
		$2.AfterDelegateDeclarationParameterComma = True
		$2.NewParentheses = False
		$2.SpacesBeforeBrackets = False
		$2.inheritsSet = Mono
		$2.inheritsScope = text/x-csharp
		$2.scope = text/x-csharp
		StartupItem = UvDebug\Desktop\UvDebug.Desktop.csproj
	EndGlobalSection
EndGlobal
